// !$*UTF8*$!
{
	archiveVersion = 1;
	classes = {
	};
	objectVersion = 54;
	objects = {

/* Begin PBXBuildFile section */
		13B07FBF1A68108700A75B9A /* Images.xcassets in Resources */ = {isa = PBXBuildFile; fileRef = 13B07FB51A68108700A75B9A /* Images.xcassets */; };
		1ED6A5E934204541BF73135F /* Colors.xcassets in Resources */ = {isa = PBXBuildFile; fileRef = 8965105A61FE4830B2B46863 /* Colors.xcassets */; };
		6A48A58EAFBD583C47BCC61E /* libPods-bisetka.a in Frameworks */ = {isa = PBXBuildFile; fileRef = 349B0F42FCD774020EEE05A9 /* libPods-bisetka.a */; };
		761780ED2CA45674006654EE /* AppDelegate.swift in Sources */ = {isa = PBXBuildFile; fileRef = 761780EC2CA45674006654EE /* AppDelegate.swift */; };
		81AB9BB82411601600AC10FF /* LaunchScreen.storyboard in Resources */ = {isa = PBXBuildFile; fileRef = 81AB9BB72411601600AC10FF /* LaunchScreen.storyboard */; };
		AA1B2C3D4E5F6A7B8C9D0E1F /* BootSplash.storyboard in Resources */ = {isa = PBXBuildFile; fileRef = 4EAC1D16409C43598ECDE327 /* BootSplash.storyboard */; };
		ABE3A04CE403D29D2BD2507F /* PrivacyInfo.xcprivacy in Resources */ = {isa = PBXBuildFile; fileRef = 13B07FB81A68108700A75B9A /* PrivacyInfo.xcprivacy */; };
		BB2C3D4E5F6A7B8C9D0E1F2A /* Colors.xcassets in Resources */ = {isa = PBXBuildFile; fileRef = 8965105A61FE4830B2B46863 /* Colors.xcassets */; };
		CF7DD47A0A484C50AC9DB721 /* BootSplash.storyboard in Resources */ = {isa = PBXBuildFile; fileRef = 4EAC1D16409C43598ECDE327 /* BootSplash.storyboard */; };
		DE1D241E2F34272D0022EF51 /* AppDelegate.swift in Sources */ = {isa = PBXBuildFile; fileRef = 761780EC2CA45674006654EE /* AppDelegate.swift */; };
		DE1D24222F34272D0022EF51 /* LaunchScreen.storyboard in Resources */ = {isa = PBXBuildFile; fileRef = 81AB9BB72411601600AC10FF /* LaunchScreen.storyboard */; };
		DE1D24232F34272D0022EF51 /* Images.xcassets in Resources */ = {isa = PBXBuildFile; fileRef = 13B07FB51A68108700A75B9A /* Images.xcassets */; };
		DE1D24242F34272D0022EF51 /* PrivacyInfo.xcprivacy in Resources */ = {isa = PBXBuildFile; fileRef = 13B07FB81A68108700A75B9A /* PrivacyInfo.xcprivacy */; };
		DE7D34052F4ABB9C00AEFA99 /* GoogleService-Info-Staging.plist in Resources */ = {isa = PBXBuildFile; fileRef = DE7D34042F4ABB9C00AEFA99 /* GoogleService-Info-Staging.plist */; };
		DE7D34062F4ABB9C00AEFA99 /* GoogleService-Info.plist in Resources */ = {isa = PBXBuildFile; fileRef = DE7D34032F4ABB9C00AEFA99 /* GoogleService-Info.plist */; };
		DE7D34072F4ABB9C00AEFA99 /* GoogleService-Info-Staging.plist in Resources */ = {isa = PBXBuildFile; fileRef = DE7D34042F4ABB9C00AEFA99 /* GoogleService-Info-Staging.plist */; };
		DE7D34082F4ABB9C00AEFA99 /* GoogleService-Info.plist in Resources */ = {isa = PBXBuildFile; fileRef = DE7D34032F4ABB9C00AEFA99 /* GoogleService-Info.plist */; };
		EA222F3DB9979DEDE1A8A5AE /* libPods-bisetka-staging.a in Frameworks */ = {isa = PBXBuildFile; fileRef = 46A5D38D01A124944A759719 /* libPods-bisetka-staging.a */; };
/* End PBXBuildFile section */

/* Begin PBXFileReference section */
		13B07F961A680F5B00A75B9A /* bisetka.app */ = {isa = PBXFileReference; explicitFileType = wrapper.application; includeInIndex = 0; path = bisetka.app; sourceTree = BUILT_PRODUCTS_DIR; };
		13B07FB51A68108700A75B9A /* Images.xcassets */ = {isa = PBXFileReference; lastKnownFileType = folder.assetcatalog; name = Images.xcassets; path = bisetka/Images.xcassets; sourceTree = "<group>"; };
		13B07FB61A68108700A75B9A /* Info.plist */ = {isa = PBXFileReference; fileEncoding = 4; lastKnownFileType = text.plist.xml; name = Info.plist; path = bisetka/Info.plist; sourceTree = "<group>"; };
		13B07FB81A68108700A75B9A /* PrivacyInfo.xcprivacy */ = {isa = PBXFileReference; fileEncoding = 4; lastKnownFileType = text.plist.xml; name = PrivacyInfo.xcprivacy; path = bisetka/PrivacyInfo.xcprivacy; sourceTree = "<group>"; };
		349B0F42FCD774020EEE05A9 /* libPods-bisetka.a */ = {isa = PBXFileReference; explicitFileType = archive.ar; includeInIndex = 0; path = "libPods-bisetka.a"; sourceTree = BUILT_PRODUCTS_DIR; };
		469043B4C4816B02F2EAFED4 /* Pods-bisetka-staging.release.xcconfig */ = {isa = PBXFileReference; includeInIndex = 1; lastKnownFileType = text.xcconfig; name = "Pods-bisetka-staging.release.xcconfig"; path = "Target Support Files/Pods-bisetka-staging/Pods-bisetka-staging.release.xcconfig"; sourceTree = "<group>"; };
		46A5D38D01A124944A759719 /* libPods-bisetka-staging.a */ = {isa = PBXFileReference; explicitFileType = archive.ar; includeInIndex = 0; path = "libPods-bisetka-staging.a"; sourceTree = BUILT_PRODUCTS_DIR; };
		4EAC1D16409C43598ECDE327 /* BootSplash.storyboard */ = {isa = PBXFileReference; explicitFileType = undefined; fileEncoding = 9; includeInIndex = 0; lastKnownFileType = unknown; name = BootSplash.storyboard; path = bisetka/BootSplash.storyboard; sourceTree = "<group>"; };
		761780EC2CA45674006654EE /* AppDelegate.swift */ = {isa = PBXFileReference; lastKnownFileType = sourcecode.swift; name = AppDelegate.swift; path = bisetka/AppDelegate.swift; sourceTree = "<group>"; };
		81AB9BB72411601600AC10FF /* LaunchScreen.storyboard */ = {isa = PBXFileReference; fileEncoding = 4; lastKnownFileType = file.storyboard; name = LaunchScreen.storyboard; path = bisetka/LaunchScreen.storyboard; sourceTree = "<group>"; };
		87E270760EBC7231121D9E01 /* Pods-bisetka.release.xcconfig */ = {isa = PBXFileReference; includeInIndex = 1; lastKnownFileType = text.xcconfig; name = "Pods-bisetka.release.xcconfig"; path = "Target Support Files/Pods-bisetka/Pods-bisetka.release.xcconfig"; sourceTree = "<group>"; };
		8965105A61FE4830B2B46863 /* Colors.xcassets */ = {isa = PBXFileReference; explicitFileType = undefined; fileEncoding = 9; includeInIndex = 0; lastKnownFileType = folder.assetcatalog; name = Colors.xcassets; path = bisetka/Colors.xcassets; sourceTree = "<group>"; };
		C1B258C0AD020014329DA767 /* Pods-bisetka.debug.xcconfig */ = {isa = PBXFileReference; includeInIndex = 1; lastKnownFileType = text.xcconfig; name = "Pods-bisetka.debug.xcconfig"; path = "Target Support Files/Pods-bisetka/Pods-bisetka.debug.xcconfig"; sourceTree = "<group>"; };
		D61CCB2BDA71D2BF826B688D /* Pods-bisetka-staging.debug.xcconfig */ = {isa = PBXFileReference; includeInIndex = 1; lastKnownFileType = text.xcconfig; name = "Pods-bisetka-staging.debug.xcconfig"; path = "Target Support Files/Pods-bisetka-staging/Pods-bisetka-staging.debug.xcconfig"; sourceTree = "<group>"; };
		DE1D241A2F34254E0022EF51 /* bisetka.entitlements */ = {isa = PBXFileReference; lastKnownFileType = text.plist.entitlements; name = bisetka.entitlements; path = bisetka/bisetka.entitlements; sourceTree = "<group>"; };
		DE1D242B2F34272D0022EF51 /* bisetka-staging.app */ = {isa = PBXFileReference; explicitFileType = wrapper.application; includeInIndex = 0; path = "bisetka-staging.app"; sourceTree = BUILT_PRODUCTS_DIR; };
		DE1D242C2F34272D0022EF51 /* bisetka-staging.plist */ = {isa = PBXFileReference; lastKnownFileType = text.plist.xml; path = "bisetka-staging.plist"; sourceTree = "<group>"; };
		DE7D34032F4ABB9C00AEFA99 /* GoogleService-Info.plist */ = {isa = PBXFileReference; lastKnownFileType = text.plist.xml; path = "GoogleService-Info.plist"; sourceTree = "<group>"; };
		DE7D34042F4ABB9C00AEFA99 /* GoogleService-Info-Staging.plist */ = {isa = PBXFileReference; lastKnownFileType = text.plist.xml; path = "GoogleService-Info-Staging.plist"; sourceTree = "<group>"; };
		ED297162215061F000B7C4FE /* JavaScriptCore.framework */ = {isa = PBXFileReference; lastKnownFileType = wrapper.framework; name = JavaScriptCore.framework; path = System/Library/Frameworks/JavaScriptCore.framework; sourceTree = SDKROOT; };
/* End PBXFileReference section */

/* Begin PBXFrameworksBuildPhase section */
		13B07F8C1A680F5B00A75B9A /* Frameworks */ = {
			isa = PBXFrameworksBuildPhase;
			buildActionMask = 2147483647;
			files = (
				6A48A58EAFBD583C47BCC61E /* libPods-bisetka.a in Frameworks */,
			);
			runOnlyForDeploymentPostprocessing = 0;
		};
		DE1D241F2F34272D0022EF51 /* Frameworks */ = {
			isa = PBXFrameworksBuildPhase;
			buildActionMask = 2147483647;
			files = (
				EA222F3DB9979DEDE1A8A5AE /* libPods-bisetka-staging.a in Frameworks */,
			);
			runOnlyForDeploymentPostprocessing = 0;
		};
/* End PBXFrameworksBuildPhase section */

/* Begin PBXGroup section */
		13B07FAE1A68108700A75B9A /* bisetka */ = {
			isa = PBXGroup;
			children = (
				DE7D34032F4ABB9C00AEFA99 /* GoogleService-Info.plist */,
				DE7D34042F4ABB9C00AEFA99 /* GoogleService-Info-Staging.plist */,
				DE1D241A2F34254E0022EF51 /* bisetka.entitlements */,
				13B07FB51A68108700A75B9A /* Images.xcassets */,
				761780EC2CA45674006654EE /* AppDelegate.swift */,
				13B07FB61A68108700A75B9A /* Info.plist */,
				81AB9BB72411601600AC10FF /* LaunchScreen.storyboard */,
				13B07FB81A68108700A75B9A /* PrivacyInfo.xcprivacy */,
				4EAC1D16409C43598ECDE327 /* BootSplash.storyboard */,
				8965105A61FE4830B2B46863 /* Colors.xcassets */,
			);
			name = bisetka;
			sourceTree = "<group>";
		};
		1FF8E33212F3439D937E0331 /* Resources */ = {
			isa = PBXGroup;
			children = (			);
			name = Resources;
			sourceTree = "<group>";
		};
		2D16E6871FA4F8E400B85C8A /* Frameworks */ = {
			isa = PBXGroup;
			children = (
				ED297162215061F000B7C4FE /* JavaScriptCore.framework */,
				349B0F42FCD774020EEE05A9 /* libPods-bisetka.a */,
				46A5D38D01A124944A759719 /* libPods-bisetka-staging.a */,
			);
			name = Frameworks;
			sourceTree = "<group>";
		};
		832341AE1AAA6A7D00B99B32 /* Libraries */ = {
			isa = PBXGroup;
			children = (
			);
			name = Libraries;
			sourceTree = "<group>";
		};
		83CBB9F61A601CBA00E9B192 = {
			isa = PBXGroup;
			children = (
				13B07FAE1A68108700A75B9A /* bisetka */,
				832341AE1AAA6A7D00B99B32 /* Libraries */,
				83CBBA001A601CBA00E9B192 /* Products */,
				2D16E6871FA4F8E400B85C8A /* Frameworks */,
				BBD78D7AC51CEA395F1C20DB /* Pods */,
				DE1D242C2F34272D0022EF51 /* bisetka-staging.plist */,
				1FF8E33212F3439D937E0331 /* Resources */,
			);
			indentWidth = 2;
			sourceTree = "<group>";
			tabWidth = 2;
			usesTabs = 0;
		};
		83CBBA001A601CBA00E9B192 /* Products */ = {
			isa = PBXGroup;
			children = (
				13B07F961A680F5B00A75B9A /* bisetka.app */,
				DE1D242B2F34272D0022EF51 /* bisetka-staging.app */,
			);
			name = Products;
			sourceTree = "<group>";
		};
		BBD78D7AC51CEA395F1C20DB /* Pods */ = {
			isa = PBXGroup;
			children = (
				C1B258C0AD020014329DA767 /* Pods-bisetka.debug.xcconfig */,
				87E270760EBC7231121D9E01 /* Pods-bisetka.release.xcconfig */,
				D61CCB2BDA71D2BF826B688D /* Pods-bisetka-staging.debug.xcconfig */,
				469043B4C4816B02F2EAFED4 /* Pods-bisetka-staging.release.xcconfig */,
			);
			path = Pods;
			sourceTree = "<group>";
		};
/* End PBXGroup section */

/* Begin PBXNativeTarget section */
		13B07F861A680F5B00A75B9A /* bisetka */ = {
			isa = PBXNativeTarget;
			buildConfigurationList = 13B07F931A680F5B00A75B9A /* Build configuration list for PBXNativeTarget "bisetka" */;
			buildPhases = (
				9217FAA6FA1612D74403876C /* [CP] Check Pods Manifest.lock */,
				13B07F871A680F5B00A75B9A /* Sources */,
				13B07F8C1A680F5B00A75B9A /* Frameworks */,
				DE7D34022F4AAFF700AEFA99 /* Copy GoogleServices Resources */,
				13B07F8E1A680F5B00A75B9A /* Resources */,
				00DD1BFF1BD5951E006B06BC /* Bundle React Native code and images */,
				B3CD3C4122BCE1DCABB925BD /* [CP] Embed Pods Frameworks */,
				F1CA17A841E365D6462FF412 /* [CP] Copy Pods Resources */,
				6347354F4903239B0D217808 /* [CP-User] [RNFB] Core Configuration */,
			);
			buildRules = (
			);
			dependencies = (
			);
			name = bisetka;
			productName = bisetka;
			productReference = 13B07F961A680F5B00A75B9A /* bisetka.app */;
			productType = "com.apple.product-type.application";
		};
		DE1D241B2F34272D0022EF51 /* bisetka-staging */ = {
			isa = PBXNativeTarget;
			buildConfigurationList = DE1D24282F34272D0022EF51 /* Build configuration list for PBXNativeTarget "bisetka-staging" */;
			buildPhases = (
				D9AD1BA198137B6F691896EF /* [CP] Check Pods Manifest.lock */,
				DE1D241D2F34272D0022EF51 /* Sources */,
				DE1D241F2F34272D0022EF51 /* Frameworks */,
				DE1D24212F34272D0022EF51 /* Resources */,
				DE1D24252F34272D0022EF51 /* Bundle React Native code and images */,
				FD61A3FF62CC548EF84143ED /* [CP] Embed Pods Frameworks */,
				7D6A6B979C2F77FC457F2D97 /* [CP] Copy Pods Resources */,
				9BA5448AC173B66E91FD792A /* [CP-User] [RNFB] Core Configuration */,
			);
			buildRules = (
			);
			dependencies = (
			);
			name = "bisetka-staging";
			productName = bisetka;
			productReference = DE1D242B2F34272D0022EF51 /* bisetka-staging.app */;
			productType = "com.apple.product-type.application";
		};
/* End PBXNativeTarget section */

/* Begin PBXProject section */
		83CBB9F71A601CBA00E9B192 /* Project object */ = {
			isa = PBXProject;
			attributes = {
				LastUpgradeCheck = 1210;
				TargetAttributes = {
					13B07F861A680F5B00A75B9A = {
						LastSwiftMigration = 1120;
					};
				};
			};
			buildConfigurationList = 83CBB9FA1A601CBA00E9B192 /* Build configuration list for PBXProject "bisetka" */;
			compatibilityVersion = "Xcode 12.0";
			developmentRegion = en;
			hasScannedForEncodings = 0;
			knownRegions = (
				en,
				Base,
			);
			mainGroup = 83CBB9F61A601CBA00E9B192;
			productRefGroup = 83CBBA001A601CBA00E9B192 /* Products */;
			projectDirPath = "";
			projectRoot = "";
			targets = (
				13B07F861A680F5B00A75B9A /* bisetka */,
				DE1D241B2F34272D0022EF51 /* bisetka-staging */,
			);
		};
/* End PBXProject section */

/* Begin PBXResourcesBuildPhase section */
		13B07F8E1A680F5B00A75B9A /* Resources */ = {
			isa = PBXResourcesBuildPhase;
			buildActionMask = 2147483647;
			files = (
				81AB9BB82411601600AC10FF /* LaunchScreen.storyboard in Resources */,
				13B07FBF1A68108700A75B9A /* Images.xcassets in Resources */,
				ABE3A04CE403D29D2BD2507F /* PrivacyInfo.xcprivacy in Resources */,
				DE7D34052F4ABB9C00AEFA99 /* GoogleService-Info-Staging.plist in Resources */,
				DE7D34062F4ABB9C00AEFA99 /* GoogleService-Info.plist in Resources */,
				CF7DD47A0A484C50AC9DB721 /* BootSplash.storyboard in Resources */,
				1ED6A5E934204541BF73135F /* Colors.xcassets in Resources */,
				0CF462EEF183412693D2B572 /* Inter_28pt-LightItalic.ttf in Resources */,
				0754CF096AB84D86BA53E0C3 /* Inter_18pt-ExtraBoldItalic.ttf in Resources */,
				4B7C7FF9B1B0428B89F59E39 /* Fredoka_Condensed-Light.ttf in Resources */,
				3F6A174E3B23453AB99202ED /* EBGaramond-Regular.ttf in Resources */,
				76DB2AD2298245AE873E7F01 /* RobotoMono-Medium.ttf in Resources */,
				504F256D2A31443E9CECF385 /* RobotoMono-SemiBold.ttf in Resources */,
				AFE0A0E8A50A4BCCA33906D4 /* Cinzel-Black.ttf in Resources */,
				7193ADCEFB874384B853F46C /* Inter_24pt-Medium.ttf in Resources */,
				2CA920B7F4A54F8994ADD2AA /* Fredoka-Medium.ttf in Resources */,
				AC9FE513635849848B87D9AB /* Fredoka-Light.ttf in Resources */,
				625B20BD9D2E44E38C0B2258 /* Fredoka_SemiCondensed-Medium.ttf in Resources */,
				B9DD7C6C8BE649449979B198 /* RobotoMono-SemiBoldItalic.ttf in Resources */,
				36862546EA8F420583562A30 /* Cinzel-Bold.ttf in Resources */,
				B1890008702147FBAB31C0B6 /* Inter_28pt-ExtraLightItalic.ttf in Resources */,
				E9DC06E52BCF4815A17931ED /* Inter_28pt-Bold.ttf in Resources */,
				C0B6E7853DCE4DEA85913B51 /* JetBrainsMono-Thin.ttf in Resources */,
				4C30D4FE08A74ECBA538E3AE /* EBGaramond-Bold.ttf in Resources */,
				CC187D9AF7E54CB5B7C50840 /* JetBrainsMono-Bold.ttf in Resources */,
				F393DB9D863B4E03B48C5FA0 /* Inter_28pt-ExtraLight.ttf in Resources */,
				6D30E91C4EE2498DB2B00618 /* Inter_28pt-Thin.ttf in Resources */,
				695C1594B613459984191BE2 /* JetBrainsMono-Italic.ttf in Resources */,
				9024206E67664A58A6FE8B5C /* CrimsonText-SemiBold.ttf in Resources */,
				DF5926D268C14F94B299B13C /* Inter_28pt-ThinItalic.ttf in Resources */,
				D3BF9437328A47839A8BAACE /* JetBrainsMono-LightItalic.ttf in Resources */,
				4CC47E61FD954211BC76EFA3 /* Inter_24pt-ExtraBold.ttf in Resources */,
				E7FAD85F09294FF8A688DC93 /* Fredoka-Bold.ttf in Resources */,
				804920F40B24430293170BDA /* Inter_24pt-SemiBold.ttf in Resources */,
				463DB419EF814131A832CC1A /* EBGaramond-Italic.ttf in Resources */,
				F4C2B99788A1425DB84DBC33 /* JetBrainsMono-Regular.ttf in Resources */,
				04C5F15ECDBF4AC094B678B6 /* Fredoka_Expanded-Medium.ttf in Resources */,
				42BA07B5B3F84EE08B7CD9BA /* PlayfairDisplaySC-BoldItalic.ttf in Resources */,
				BC3B7FD12182478B842D9120 /* Inter_28pt-BoldItalic.ttf in Resources */,
				A0CC512EEC9542D9A73F256B /* Inter_24pt-Regular.ttf in Resources */,
				CA90D7F9CF4F4C689B34C171 /* Inter_28pt-ExtraBoldItalic.ttf in Resources */,
				2545AD2682844153A1973D47 /* Fredoka_Expanded-Light.ttf in Resources */,
				38F1CF26D21F422AB1A5A0E9 /* Fredoka_Condensed-Medium.ttf in Resources */,
				FEF220A755EC45E4AC2D1057 /* Inter_18pt-LightItalic.ttf in Resources */,
				5C01F8EF0DD3404698458F0C /* RobotoMono-Regular.ttf in Resources */,
				A31B569EE8D24934B32DE016 /* Fredoka_SemiExpanded-Light.ttf in Resources */,
				DDFDBB59A8DE48F5B45C2E81 /* Cinzel-SemiBold.ttf in Resources */,
				824514EE42A34BE783689DF1 /* Inter_18pt-ExtraLight.ttf in Resources */,
				966EC38D60D44AD6989BEB08 /* Inter_18pt-ThinItalic.ttf in Resources */,
				6823CA56A2784BC486FA76CA /* Fredoka_SemiExpanded-SemiBold.ttf in Resources */,
				E1829B867B3C4AAA8C9482F6 /* EBGaramond-BoldItalic.ttf in Resources */,
				F4B83C3A7CF941A89D0CA258 /* Inter_18pt-ExtraBold.ttf in Resources */,
				48FEAE70772340FEA71A36CF /* PlayfairDisplaySC-Black.ttf in Resources */,
				81FC619ADEE84C82B7945E8D /* Inter_18pt-BoldItalic.ttf in Resources */,
				977DE459DF31414E844726CC /* Inter_28pt-Light.ttf in Resources */,
				F5E61C3C6642494CB68805DC /* PlayfairDisplaySC-Italic.ttf in Resources */,
				2DF0C235345B4DBDAFAB56B1 /* RobotoMono-LightItalic.ttf in Resources */,
				64C4ACB0329749D3940D7DED /* SpaceMono-Regular.ttf in Resources */,
				92B3A3BABB9E41D49B7AE2BE /* Inter_18pt-Thin.ttf in Resources */,
				2587178328E44D13AD56D070 /* Inter_28pt-Medium.ttf in Resources */,
				C113AA4775024747B67F64E5 /* BebasNeue-Regular.ttf in Resources */,
				A44CA8DB73DF4583B75E9086 /* Inter_18pt-BlackItalic.ttf in Resources */,
				223E7EEF0F1D4A2082798BCA /* JetBrainsMono-ExtraLightItalic.ttf in Resources */,
				9D4D9E351779405693018AF9 /* Inter_28pt-BlackItalic.ttf in Resources */,
				E8F732A9F79B4857B31AF85E /* Inter_18pt-Bold.ttf in Resources */,
				FFE09CFF9100478FBF3FB468 /* RobotoMono-BoldItalic.ttf in Resources */,
				E9010E3280B04469A69D48D9 /* Inter_18pt-ExtraLightItalic.ttf in Resources */,
				203C75A51DA046E9A8E451B5 /* EBGaramond-SemiBoldItalic.ttf in Resources */,
				7BCA137D312C40A9B8E87F05 /* PlayfairDisplaySC-Regular.ttf in Resources */,
				A354C7BD64F0499EADE3B4E3 /* Inter_18pt-Medium.ttf in Resources */,
				2F502AC73E1E46DD8BABAE44 /* Inter_24pt-ExtraLightItalic.ttf in Resources */,
				9F6A4786ACAF4AE68C1D2913 /* Inter_18pt-Black.ttf in Resources */,
				C08383B1EF154EE8A17E834A /* Inter_24pt-Light.ttf in Resources */,
				ABA54569D92C4B7581186017 /* RobotoMono-ExtraLight.ttf in Resources */,
				69340E7F484A4ABC89150A7D /* Inter_28pt-SemiBoldItalic.ttf in Resources */,
				A763639AF7804A5A8A8E713A /* Fredoka_SemiCondensed-SemiBold.ttf in Resources */,
				B39E2D9F200D411E8A6ED641 /* Inter_24pt-ExtraBoldItalic.ttf in Resources */,
				F67744DFC4C74CB4B07E6245 /* SpaceMono-BoldItalic.ttf in Resources */,
				5B18DC2CCD544BD885AA2AA7 /* Cinzel-Medium.ttf in Resources */,
				2F24FEF489614E75827F2E03 /* SpaceMono-Italic.ttf in Resources */,
				2BF4A2112E974544A8E3D251 /* Inter_24pt-MediumItalic.ttf in Resources */,
				ADB6271C9E154A2398F88D49 /* CrimsonText-Bold.ttf in Resources */,
				BD755296F3B74F0A9D1CE4B2 /* PlayfairDisplaySC-Bold.ttf in Resources */,
				353A644727B541688672070C /* Fredoka_SemiCondensed-Regular.ttf in Resources */,
				6D524F93F19246D59B7C551E /* RobotoMono-ThinItalic.ttf in Resources */,
				6A0BDD665C664A278A89CD4E /* Inter_28pt-SemiBold.ttf in Resources */,
				A180082363F64C2EA0FB3697 /* JetBrainsMono-SemiBoldItalic.ttf in Resources */,
				72663273EB2F4691A179ECBC /* Inter_18pt-MediumItalic.ttf in Resources */,
				B2FA8EB1564E46D3B2D32D52 /* Cinzel-Regular.ttf in Resources */,
				FA3FCBEFEB7048369085D1B9 /* Inter_24pt-BlackItalic.ttf in Resources */,
				6263016AB51B425EA1C491A0 /* SpaceMono-Bold.ttf in Resources */,
				7B66BC064C974943A9CCBEDF /* Inter_28pt-Italic.ttf in Resources */,
				C1B37A2573374461B574E9BC /* JetBrainsMono-Light.ttf in Resources */,
				F939D415495A4570A7868E5A /* CrimsonText-Regular.ttf in Resources */,
				AF2A8B9E04B54C219F4533C8 /* JetBrainsMono-MediumItalic.ttf in Resources */,
				3F7D07B3416746A8AB3786A0 /* Fredoka_Condensed-Bold.ttf in Resources */,
				7D5F619E57FC49E5BB76BA8D /* EBGaramond-SemiBold.ttf in Resources */,
				73D6F918E7B8458A81EEFA79 /* JetBrainsMono-ExtraBold.ttf in Resources */,
				683B9692BBE748DEBCC42633 /* JetBrainsMono-SemiBold.ttf in Resources */,
				7F86D60BAF3044BAB98A67D3 /* Inter_24pt-Thin.ttf in Resources */,
				8C3A287CB68E4887B566C56B /* Inter_24pt-SemiBoldItalic.ttf in Resources */,
				6256EC1D786D4C9782A94C6F /* Inter_24pt-Black.ttf in Resources */,
				58E09A2A47CA4F678E56CD8E /* Inter_18pt-Light.ttf in Resources */,
				222AB2611E074C8BA16F431A /* CrimsonText-SemiBoldItalic.ttf in Resources */,
				B18B88AE5D55462EB2E6E475 /* Inter_28pt-Regular.ttf in Resources */,
				211DBD6A69704797A92055CB /* Inter_28pt-MediumItalic.ttf in Resources */,
				746A3E03D1734FA0964E7EFF /* Inter_28pt-ExtraBold.ttf in Resources */,
				FF3C68A367FB4044A85958C6 /* PlayfairDisplaySC-BlackItalic.ttf in Resources */,
				9C910A4294D8414FBF16DCA3 /* RobotoMono-ExtraLightItalic.ttf in Resources */,
				4FBD016969E74979BDC5E904 /* Inter_24pt-Bold.ttf in Resources */,
				B0461AF864504F53B76C6D96 /* RobotoMono-Light.ttf in Resources */,
				574F6A0FEF6340308930B9C7 /* EBGaramond-MediumItalic.ttf in Resources */,
				0CF69AC819F24D829BB86754 /* Fredoka-Regular.ttf in Resources */,
				19F8E0A099634676B2E395BD /* Inter_18pt-Italic.ttf in Resources */,
				2AF1912256F14E53A9463125 /* Inter_28pt-Black.ttf in Resources */,
				C2AF722AA32145C19744652C /* Fredoka_SemiExpanded-Bold.ttf in Resources */,
				445EC2C4ADF143FDA40034B2 /* RobotoMono-MediumItalic.ttf in Resources */,
				BDA85E055E5145DEA5410B2C /* CrimsonText-BoldItalic.ttf in Resources */,
				475ED17275134AA0B33CD3AE /* Inter_18pt-SemiBoldItalic.ttf in Resources */,
				643D2CF4925645E0966408A5 /* Inter_24pt-BoldItalic.ttf in Resources */,
				BD6531AD87CB4694A9826D6B /* RobotoMono-Bold.ttf in Resources */,
				958A5CD1FD6647A5A8D16B5C /* Fredoka_SemiExpanded-Medium.ttf in Resources */,
				6A14A1A83F7749C891CFBC4D /* Inter_18pt-SemiBold.ttf in Resources */,
				7369B336121E4CC98B7F8584 /* Inter_24pt-ThinItalic.ttf in Resources */,
				9E18624071CB4186A6B1FC50 /* CrimsonText-Italic.ttf in Resources */,
				41A4A9258CD8429098C5C80A /* Inter_18pt-Regular.ttf in Resources */,
				F7264BBC6AEB43EC9ADF60EE /* Fredoka_Expanded-SemiBold.ttf in Resources */,
				D0B9086D454E439CBA6A0DBA /* JetBrainsMono-ExtraBoldItalic.ttf in Resources */,
				538EC95077944151A8836769 /* Inter_24pt-ExtraLight.ttf in Resources */,
				CFBE6FC1981543668D631396 /* RobotoMono-Italic.ttf in Resources */,
				0A9D975F4B8D406B9DCEE5AC /* Inter_24pt-Italic.ttf in Resources */,
				DF98A763BDA74E5BA86EFF8D /* Fredoka_Expanded-Regular.ttf in Resources */,
				E07ED53C8B724C4F94C016CD /* Fredoka_SemiCondensed-Light.ttf in Resources */,
				25FE28BCAE7140D8A84B1455 /* JetBrainsMono-ThinItalic.ttf in Resources */,
				593E454BC04A44908DBD6981 /* Inter_24pt-LightItalic.ttf in Resources */,
				1DEE91784AF64B4585E6D5B3 /* Fredoka_SemiCondensed-Bold.ttf in Resources */,
				375800FD01DD4E7B99215828 /* Fredoka_Condensed-Regular.ttf in Resources */,
				A3418B8B5C724974885901F1 /* Fredoka-SemiBold.ttf in Resources */,
				F8DDB9B896F0404498B1F77C /* JetBrainsMono-ExtraLight.ttf in Resources */,
				F07AE19BE275414196D0A2DA /* Cinzel-ExtraBold.ttf in Resources */,
				2C72069CBCE7459A880BC0D7 /* Fredoka_Expanded-Bold.ttf in Resources */,
				BB93258C8A2A4B4091F5BF87 /* Fredoka_SemiExpanded-Regular.ttf in Resources */,
				4A6796E7547440A2A9944B55 /* RobotoMono-Thin.ttf in Resources */,
				29A7085DB07549A190ABEFD4 /* JetBrainsMono-Medium.ttf in Resources */,
				74BD968977244DF49396DB83 /* EBGaramond-ExtraBoldItalic.ttf in Resources */,
				7EDBC05CF4064E4E8CBC5191 /* EBGaramond-ExtraBold.ttf in Resources */,
				82D4F2F704774AAD81330FB6 /* JetBrainsMono-BoldItalic.ttf in Resources */,
				F66EDE3765E844A6B2718C62 /* Fredoka_Condensed-SemiBold.ttf in Resources */,
				C1318551F0154F748F1297B8 /* EBGaramond-Medium.ttf in Resources */,
				AC3650C32B7D4F66B9837ED5 /* piece_move.wav in Resources */,
				545692375DFD4BEDB7DFA0BD /* dice_roll.mp3 in Resources */,
				171CE48B98A14FE6B5BCDAE7 /* card_flip.mp3 in Resources */,
				0BCF98F727F64A8A9ED84BC1 /* card_riffle_shuffle.mp3 in Resources */,
				FFF82F87E7034142BB97E5D1 /* coin_drop.mp3 in Resources */,
			);
			runOnlyForDeploymentPostprocessing = 0;
		};
		DE1D24212F34272D0022EF51 /* Resources */ = {
			isa = PBXResourcesBuildPhase;
			buildActionMask = 2147483647;
			files = (
				56B89C4D4F0D4287A65B6E96 /* RobotoMono-SemiBoldItalic.ttf in Resources */,
				389F88B4606842898714F945 /* Inter_18pt-ExtraBoldItalic.ttf in Resources */,
				91D101C735F64491A50A511E /* JetBrainsMono-ExtraBoldItalic.ttf in Resources */,
				93CA28600E824D929D3E5D73 /* JetBrainsMono-Thin.ttf in Resources */,
				4F74C4A265584674A7B3B848 /* Inter_28pt-SemiBold.ttf in Resources */,
				D0D61F9257874BCCB5B2D910 /* JetBrainsMono-ExtraBold.ttf in Resources */,
				6F31871E2884468798E0478D /* RobotoMono-Regular.ttf in Resources */,
				813B734B725F4558A2DC207F /* Inter_18pt-BlackItalic.ttf in Resources */,
				5B2446BB60904E748DA9B352 /* Fredoka-Bold.ttf in Resources */,
				51CC803750E141E28E44F53C /* JetBrainsMono-LightItalic.ttf in Resources */,
				F977AF49186F4641AE912C49 /* Inter_24pt-ExtraLight.ttf in Resources */,
				ED441475E33E4842A5ACE153 /* Inter_18pt-ExtraLightItalic.ttf in Resources */,
				104674CD65174576906B6ADB /* Inter_28pt-ExtraBold.ttf in Resources */,
				39DF0CB46BFA4DD5B0F1F5C7 /* JetBrainsMono-BoldItalic.ttf in Resources */,
				5B05B8EDD06741DD8BF03314 /* Fredoka_Expanded-Light.ttf in Resources */,
				46B20D1829FF40658668C7C6 /* Fredoka-Medium.ttf in Resources */,
				F4EBEB97B0D4459582341431 /* Fredoka-SemiBold.ttf in Resources */,
				30857977A02E4E68B694D8AA /* PlayfairDisplaySC-BlackItalic.ttf in Resources */,
				3EAF06E64F434FE0BB8129D1 /* Inter_24pt-ExtraBold.ttf in Resources */,
				CF4AC511A56240B4B33FCE0D /* CrimsonText-SemiBold.ttf in Resources */,
				B8CE530A7560490DBFBF5148 /* Fredoka_SemiCondensed-Light.ttf in Resources */,
				CCF8C9FF3C244D18BE2D7558 /* Cinzel-Medium.ttf in Resources */,
				15FD8DD397E54B4596D98E22 /* RobotoMono-Bold.ttf in Resources */,
				B801DC24C4FB4F97BE937899 /* Inter_24pt-BoldItalic.ttf in Resources */,
				3F30271D88E44185B95A144A /* Cinzel-SemiBold.ttf in Resources */,
				FDEDB83EEC664192BC76EFDD /* Inter_28pt-ExtraLightItalic.ttf in Resources */,
				90A5D13374354E888E28A7A6 /* Inter_24pt-Black.ttf in Resources */,
				DA4ECCE561AD47EEA5D8DD9C /* CrimsonText-Regular.ttf in Resources */,
				15E6E0AD9AF446C29FB923E1 /* JetBrainsMono-Regular.ttf in Resources */,
				A8E7B51A2F70409C9E5ED149 /* JetBrainsMono-ExtraLightItalic.ttf in Resources */,
				D7094A6A5D4546438DDFF2D1 /* PlayfairDisplaySC-Black.ttf in Resources */,
				DCD92489248A4DCAA1C091BF /* Inter_24pt-Regular.ttf in Resources */,
				9A924A82C0D74866A23196A9 /* Inter_28pt-Italic.ttf in Resources */,
				D0E29AA01B05474A978F0B88 /* Fredoka_SemiExpanded-SemiBold.ttf in Resources */,
				0517DF28F14B412B96B0EC90 /* Fredoka_Condensed-Bold.ttf in Resources */,
				2AC77AC476EB4FF5ABA899CB /* Inter_18pt-SemiBold.ttf in Resources */,
				4E60DAC1A9A54A7D97A367BA /* Inter_24pt-SemiBold.ttf in Resources */,
				1206DBF12A92402795619913 /* EBGaramond-ExtraBold.ttf in Resources */,
				81908D44ECC0400EB9BA068B /* EBGaramond-MediumItalic.ttf in Resources */,
				142A9254B2CD43CA9F7FEDF1 /* JetBrainsMono-SemiBold.ttf in Resources */,
				C4206BCEEC9447A1BF858F63 /* EBGaramond-BoldItalic.ttf in Resources */,
				DC247E1C7DBC4D16ADC6B647 /* Inter_24pt-Medium.ttf in Resources */,
				76D031408CBC45E7927E0C89 /* RobotoMono-LightItalic.ttf in Resources */,
				180A3FB5332141C285394FD9 /* Cinzel-Regular.ttf in Resources */,
				61561A5CB168484E8FBD2AC6 /* JetBrainsMono-Medium.ttf in Resources */,
				9B6F59B4A88B489791AB3CA1 /* EBGaramond-Medium.ttf in Resources */,
				76EE44C3FD95435A91B1DF38 /* Inter_28pt-Light.ttf in Resources */,
				2861293BAAC647A48B305ACF /* Fredoka_SemiExpanded-Medium.ttf in Resources */,
				1A06B172961441DE888C2B1A /* Inter_28pt-BlackItalic.ttf in Resources */,
				0BBB8E8C751B4349BDAD7544 /* Fredoka_Condensed-SemiBold.ttf in Resources */,
				535A2A7F5C714E3EBA7EF76D /* Inter_18pt-Light.ttf in Resources */,
				C685790BC3FE449DAF07A8DF /* Inter_24pt-Italic.ttf in Resources */,
				968AA0599D454F04846C86EC /* Fredoka_Condensed-Light.ttf in Resources */,
				CD81BBF95DDB4C83AACC358B /* Cinzel-Black.ttf in Resources */,
				21537302FDB1499B8C3E5FB0 /* EBGaramond-Regular.ttf in Resources */,
				3D7D1923B48C4D539E2294CB /* RobotoMono-ExtraLight.ttf in Resources */,
				751C6374876E4CDF95EC7C0B /* Fredoka_SemiCondensed-Bold.ttf in Resources */,
				797772A4BB7948C0B2F689AE /* Fredoka_SemiExpanded-Regular.ttf in Resources */,
				54760CC980F8454E8F8F4CF5 /* Inter_18pt-Thin.ttf in Resources */,
				F9C0CC23C8524634A5212B7D /* Inter_18pt-ExtraBold.ttf in Resources */,
				785F6E9BEA9D43EDAA8511CC /* Fredoka_SemiExpanded-Bold.ttf in Resources */,
				076D239F9DCA41EE9219D302 /* CrimsonText-Italic.ttf in Resources */,
				B43A4E6F594A43358B5E7256 /* JetBrainsMono-ExtraLight.ttf in Resources */,
				3778030C002D463A98EC69CE /* Cinzel-Bold.ttf in Resources */,
				30FF142394454C668FD07EFF /* Inter_28pt-BoldItalic.ttf in Resources */,
				3B9E1D9FC884447C8DA0BE35 /* Fredoka_SemiExpanded-Light.ttf in Resources */,
				5C25B4AABBA743CE8153D393 /* Inter_24pt-ThinItalic.ttf in Resources */,
				FC92B72AF0654A39A97D192A /* RobotoMono-SemiBold.ttf in Resources */,
				1B457D7678C6497186E3F4D3 /* SpaceMono-Regular.ttf in Resources */,
				5731D1316D62437C92CEE002 /* JetBrainsMono-Bold.ttf in Resources */,
				2B2379D0FB32401B8B5EB6E4 /* Fredoka_Expanded-SemiBold.ttf in Resources */,
				320E7A0916CE40AEAA21AB77 /* Inter_28pt-ThinItalic.ttf in Resources */,
				95D23537B3B54E62B930E6B8 /* Inter_24pt-Thin.ttf in Resources */,
				947C7129B4424930983DD992 /* Inter_28pt-Black.ttf in Resources */,
				0407B4D1AE92473EB6F500E5 /* RobotoMono-Thin.ttf in Resources */,
				ED83FA50CF8A4E1A9907A84A /* EBGaramond-ExtraBoldItalic.ttf in Resources */,
				D0CCD402FF7742C29F527743 /* Inter_18pt-Italic.ttf in Resources */,
				79BC905F98584A4885C1CED5 /* SpaceMono-BoldItalic.ttf in Resources */,
				875492A4523A4090BE355085 /* Inter_28pt-Medium.ttf in Resources */,
				195B7DC1D39246EC9FCCFD64 /* Inter_18pt-Black.ttf in Resources */,
				E68A6C7923E844498616C849 /* JetBrainsMono-Light.ttf in Resources */,
				407A64394BC14684977954FD /* PlayfairDisplaySC-Italic.ttf in Resources */,
				C92B8B1E36714B5C905DC8BE /* Fredoka_SemiCondensed-SemiBold.ttf in Resources */,
				4889361F0F8F49869C34DF1D /* EBGaramond-Bold.ttf in Resources */,
				8051E7C994BC4FE6AC06E311 /* RobotoMono-Italic.ttf in Resources */,
				7C46FFCA6D024C27A248A059 /* Inter_28pt-ExtraLight.ttf in Resources */,
				1129FD495D3F44C2B4830EC2 /* Inter_18pt-MediumItalic.ttf in Resources */,
				68DA0BB87BBC4AAF9ACCEFEF /* Fredoka-Regular.ttf in Resources */,
				37DFCECDB9854550935EF323 /* Fredoka_SemiCondensed-Medium.ttf in Resources */,
				40CDE33E1652478DA2D59281 /* SpaceMono-Bold.ttf in Resources */,
				255C824CB93A41E2B434F3EC /* JetBrainsMono-Italic.ttf in Resources */,
				696B5A724053452CBC4A4394 /* Fredoka_Expanded-Regular.ttf in Resources */,
				6198F705D8434FEB868E0FB8 /* Inter_18pt-SemiBoldItalic.ttf in Resources */,
				E330B1F6A04D4A95807DD1E0 /* Fredoka_Expanded-Bold.ttf in Resources */,
				F080BF49DBE045F2B5209CB7 /* RobotoMono-ExtraLightItalic.ttf in Resources */,
				C4901C7DF96F4DC08366745E /* Inter_24pt-ExtraLightItalic.ttf in Resources */,
				972B4C2FF97940F69AAC1DAE /* PlayfairDisplaySC-Bold.ttf in Resources */,
				3A2029559BA64FD88FC00538 /* Inter_24pt-SemiBoldItalic.ttf in Resources */,
				8274A4424345495FAFD54C17 /* Inter_18pt-Medium.ttf in Resources */,
				E8135FFDE6274867A2191EEA /* Inter_28pt-LightItalic.ttf in Resources */,
				630F0D02EF8A47EA8D5BBE5F /* JetBrainsMono-SemiBoldItalic.ttf in Resources */,
				9B5F630BB8A8497BB8EC56EE /* Inter_28pt-ExtraBoldItalic.ttf in Resources */,
				B007E23157854953A8B0DA01 /* CrimsonText-Bold.ttf in Resources */,
				85D215EAC47D4882898D7456 /* Fredoka_SemiCondensed-Regular.ttf in Resources */,
				3DFC38085BA54B1B98C1E040 /* BebasNeue-Regular.ttf in Resources */,
				6DF9A93C30DA4F7EBF08852F /* Inter_18pt-LightItalic.ttf in Resources */,
				A9754BE9B46A44969C5FD4D7 /* Fredoka_Condensed-Regular.ttf in Resources */,
				43D4C9D1AB2F4F01BC8E0794 /* Inter_18pt-Bold.ttf in Resources */,
				136D7E7DB6504B78A15996C4 /* CrimsonText-SemiBoldItalic.ttf in Resources */,
				80086F4392C64BF2BD910E9D /* PlayfairDisplaySC-Regular.ttf in Resources */,
				2E8C3779BF5B4D09B3982C70 /* Inter_28pt-MediumItalic.ttf in Resources */,
				746B11A95F144B608C939E3D /* Inter_28pt-Thin.ttf in Resources */,
				B93E58F6F9FD49B68B8C36A5 /* Fredoka-Light.ttf in Resources */,
				D477B5EA34F84A3EB112F4FB /* Cinzel-ExtraBold.ttf in Resources */,
				355C23CFACEF493ABF567DDC /* Fredoka_Expanded-Medium.ttf in Resources */,
				56B00617E8A84A54887FCF97 /* RobotoMono-Light.ttf in Resources */,
				13BC3D8B41684A3B8ABCBD25 /* EBGaramond-Italic.ttf in Resources */,
				5963B7CD674A448DBA6A42AC /* EBGaramond-SemiBold.ttf in Resources */,
				4480B668F1584161A805C008 /* Inter_18pt-Regular.ttf in Resources */,
				F9ECC26AEFD74F2DA130F372 /* PlayfairDisplaySC-BoldItalic.ttf in Resources */,
				064EB379E4094D30A003A508 /* Inter_24pt-Light.ttf in Resources */,
				789AD15A8367443CB70B6CDE /* Inter_24pt-ExtraBoldItalic.ttf in Resources */,
				29ADBE6752D14CA0A7A43C0C /* Inter_28pt-Regular.ttf in Resources */,
				6E885C0D94B846109DE729ED /* JetBrainsMono-MediumItalic.ttf in Resources */,
				54326AE6EF2448EC9F79CACA /* Inter_18pt-BoldItalic.ttf in Resources */,
				515E59D1B6A04F45AA3BE275 /* SpaceMono-Italic.ttf in Resources */,
				9E312D0CE55D4137B2D011C6 /* Fredoka_Condensed-Medium.ttf in Resources */,
				BA7120F9CD2E45029AC4EC24 /* CrimsonText-BoldItalic.ttf in Resources */,
				A770C9A4AC654158B52F52F8 /* RobotoMono-BoldItalic.ttf in Resources */,
				C016C55A56454AAEA205DFB2 /* RobotoMono-Medium.ttf in Resources */,
				496241FDCD844B4B92F34449 /* Inter_24pt-BlackItalic.ttf in Resources */,
				D08A3C282A4C4D3AABA56348 /* Inter_24pt-Bold.ttf in Resources */,
				E28292ED01B444DFADFB7815 /* RobotoMono-ThinItalic.ttf in Resources */,
				350EA69253714F69820B4CA6 /* Inter_18pt-ExtraLight.ttf in Resources */,
				DB22024ACA574C0783527D32 /* JetBrainsMono-ThinItalic.ttf in Resources */,
				B81F6DA36B4A40C0AB83DCD1 /* EBGaramond-SemiBoldItalic.ttf in Resources */,
				0D8D10C030B54D50A29FB0EF /* RobotoMono-MediumItalic.ttf in Resources */,
				E24E7325E7BB46B19E315C41 /* Inter_28pt-Bold.ttf in Resources */,
				BC66916766424DC8935022C3 /* Inter_24pt-MediumItalic.ttf in Resources */,
				F6BD565D1BD742358FB4D033 /* Inter_18pt-ThinItalic.ttf in Resources */,
				229000C45DFA44EFB245EB11 /* Inter_28pt-SemiBoldItalic.ttf in Resources */,
				0B36DA377E6F4FE5A0DC6A18 /* Inter_24pt-LightItalic.ttf in Resources */,
				AA642E09246A4FBF9EA52DA4 /* RobotoMono-SemiBoldItalic.ttf in Resources */,
				6D6604604381439794444E88 /* Inter_18pt-ExtraBoldItalic.ttf in Resources */,
				B6BDD55BDA6C4ED19CDFE1E5 /* JetBrainsMono-ExtraBoldItalic.ttf in Resources */,
				8CA21719E01447DD962602A9 /* JetBrainsMono-Thin.ttf in Resources */,
				D1EAA0BAC3C74B539074AD63 /* Inter_28pt-SemiBold.ttf in Resources */,
				D78B882646834D78B577543D /* JetBrainsMono-ExtraBold.ttf in Resources */,
				2CCDC0BBF9E84CA588C229B7 /* RobotoMono-Regular.ttf in Resources */,
				C3FAA8ED82EA4CD1927CD6B1 /* Inter_18pt-BlackItalic.ttf in Resources */,
				9F1540DE466D4754B2315507 /* Fredoka-Bold.ttf in Resources */,
				7BC6C87CD9C24E9680562CE0 /* JetBrainsMono-LightItalic.ttf in Resources */,
				3875A714D044486590E6AF37 /* Inter_24pt-ExtraLight.ttf in Resources */,
				7076493BBD6446619F04AC4B /* Inter_18pt-ExtraLightItalic.ttf in Resources */,
				36A3527B13B24B4A8F3F0A60 /* Inter_28pt-ExtraBold.ttf in Resources */,
				88A9DD0EFF8F4E87B27F8D27 /* JetBrainsMono-BoldItalic.ttf in Resources */,
				62D53B8D9FFC46F4AD36BC64 /* Fredoka_Expanded-Light.ttf in Resources */,
				05C1FC2C2F284F568DA707C3 /* Fredoka-Medium.ttf in Resources */,
				8B15F275AC164C1D8971A357 /* Fredoka-SemiBold.ttf in Resources */,
				64A53BD237CA4838AFCBB3A4 /* PlayfairDisplaySC-BlackItalic.ttf in Resources */,
				A9D0663844CD4C4BAE55406B /* Inter_24pt-ExtraBold.ttf in Resources */,
				99D0FA2A91214DD0904B4877 /* CrimsonText-SemiBold.ttf in Resources */,
				F2E3A33204C646AF95568406 /* Fredoka_SemiCondensed-Light.ttf in Resources */,
				AA61E34BFA764097A1F32345 /* Cinzel-Medium.ttf in Resources */,
				D964D6DCF2804420B7B69D4E /* RobotoMono-Bold.ttf in Resources */,
				9FABF6D10B9E465E997A1C66 /* Inter_24pt-BoldItalic.ttf in Resources */,
				6AB6860FB1F94159B444362E /* Cinzel-SemiBold.ttf in Resources */,
				1A4410612BC14994B9486934 /* Inter_28pt-ExtraLightItalic.ttf in Resources */,
				3353D54FA8604A969A8D9F5A /* Inter_24pt-Black.ttf in Resources */,
				4CA5CD05A24E448DB338387F /* CrimsonText-Regular.ttf in Resources */,
				865FACCB5B9A420E9AF2A0B6 /* JetBrainsMono-Regular.ttf in Resources */,
				64A076200DE849EDBC6F0939 /* JetBrainsMono-ExtraLightItalic.ttf in Resources */,
				C4C203E182BD4014A806099C /* PlayfairDisplaySC-Black.ttf in Resources */,
				183DF60A28004DC8983F2F04 /* Inter_24pt-Regular.ttf in Resources */,
				69DE9939B4BD42DDB65839E8 /* Inter_28pt-Italic.ttf in Resources */,
				F105B154C7804666A9EAF707 /* Fredoka_SemiExpanded-SemiBold.ttf in Resources */,
				AAC3605B41BB42DDBC472B77 /* Fredoka_Condensed-Bold.ttf in Resources */,
				19ECC25987F549629432153A /* Inter_18pt-SemiBold.ttf in Resources */,
				7F9CD6C77A8A4C948577721B /* Inter_24pt-SemiBold.ttf in Resources */,
				451B2592169444FA98260334 /* EBGaramond-ExtraBold.ttf in Resources */,
				6175CC6FA64F4EFAAD14CA4A /* EBGaramond-MediumItalic.ttf in Resources */,
				B93546FC69524D98AF8E7FE0 /* JetBrainsMono-SemiBold.ttf in Resources */,
				1C882E98B161447EA9F6B330 /* EBGaramond-BoldItalic.ttf in Resources */,
				107BBE2059C243D7A5217140 /* Inter_24pt-Medium.ttf in Resources */,
				C4D51B8F2FDE4FEC9D43C9BC /* RobotoMono-LightItalic.ttf in Resources */,
				9E245F156EDA46B3B078CCE9 /* Cinzel-Regular.ttf in Resources */,
				D8BEC0695DC1415DBBB8F387 /* JetBrainsMono-Medium.ttf in Resources */,
				315591D755074A889667BBEC /* EBGaramond-Medium.ttf in Resources */,
				6C7FE588519143639E7E963F /* Inter_28pt-Light.ttf in Resources */,
				FC49E1EF894848FFB61FE45E /* Fredoka_SemiExpanded-Medium.ttf in Resources */,
				E9F86B18CE4D4AC39EAA7FBA /* Inter_28pt-BlackItalic.ttf in Resources */,
				87A69C963DDF457ABF18A1EC /* Fredoka_Condensed-SemiBold.ttf in Resources */,
				FE78EF6F1B794EBDBE918EB2 /* Inter_18pt-Light.ttf in Resources */,
				F10001E2EE07424187BD49F9 /* Inter_24pt-Italic.ttf in Resources */,
				6C2A9EE5A01345999C2529F3 /* Fredoka_Condensed-Light.ttf in Resources */,
				7A8DB0DD8B804D1592E55D58 /* Cinzel-Black.ttf in Resources */,
				0D028277A8FB4B58B424F34B /* EBGaramond-Regular.ttf in Resources */,
				019830EB25D649D490AAB480 /* RobotoMono-ExtraLight.ttf in Resources */,
				D2CED53FECA44AABA96E8F08 /* Fredoka_SemiCondensed-Bold.ttf in Resources */,
				450FDE3FFE9247C2B6B2795C /* Fredoka_SemiExpanded-Regular.ttf in Resources */,
				0D0BF12B85FA4786B6CF1EA9 /* Inter_18pt-Thin.ttf in Resources */,
				7B9F0CBAF7B648EBB3596D5D /* Inter_18pt-ExtraBold.ttf in Resources */,
				C5A814AFC0F344AB997AC2A0 /* Fredoka_SemiExpanded-Bold.ttf in Resources */,
				89A21950924E49E89CC7F0ED /* CrimsonText-Italic.ttf in Resources */,
				906BE1946B4B4DF981279DB5 /* JetBrainsMono-ExtraLight.ttf in Resources */,
				D4D8BBEE91914126B63EBBAB /* Cinzel-Bold.ttf in Resources */,
				AA2255D5324742CD9AC3D393 /* Inter_28pt-BoldItalic.ttf in Resources */,
				C44E727CA93047BB95FCF37C /* Fredoka_SemiExpanded-Light.ttf in Resources */,
				606F796BC6C24F20A0604BD2 /* Inter_24pt-ThinItalic.ttf in Resources */,
				7CC10907ACB546B8AF461B11 /* RobotoMono-SemiBold.ttf in Resources */,
				C66B2727345344DD999133A6 /* SpaceMono-Regular.ttf in Resources */,
				6FFE6D4DD387452FB3970299 /* JetBrainsMono-Bold.ttf in Resources */,
				05132871A35D49D39886F8F6 /* Fredoka_Expanded-SemiBold.ttf in Resources */,
				A632A31462504C5BAF8A32BC /* Inter_28pt-ThinItalic.ttf in Resources */,
				805FF2D5A3EB499885C4D8B1 /* Inter_24pt-Thin.ttf in Resources */,
				39D9BA58E9104E079F06168E /* Inter_28pt-Black.ttf in Resources */,
				9CFCF3FC4DE541068E7E8B31 /* RobotoMono-Thin.ttf in Resources */,
				FC99B60D81B140748A648378 /* EBGaramond-ExtraBoldItalic.ttf in Resources */,
				4F7DE5EE9A9A4A658F45F6BC /* Inter_18pt-Italic.ttf in Resources */,
				B806D7F07D634543AFC0B5CA /* SpaceMono-BoldItalic.ttf in Resources */,
				120DD7BBE9604058BDBC8F64 /* Inter_28pt-Medium.ttf in Resources */,
				AEBE04F51B5C4C04BAF66266 /* Inter_18pt-Black.ttf in Resources */,
				2F2748C9BE6445B9AAB9DF0A /* JetBrainsMono-Light.ttf in Resources */,
				72E5462DFB58477F8A857FAF /* PlayfairDisplaySC-Italic.ttf in Resources */,
				EA026516528542339D9C147E /* Fredoka_SemiCondensed-SemiBold.ttf in Resources */,
				9B2FF9962E5147D39FC4C2EA /* EBGaramond-Bold.ttf in Resources */,
				9400766C30BF4441947B77FA /* RobotoMono-Italic.ttf in Resources */,
				57BD86A3A69B41478C597857 /* Inter_28pt-ExtraLight.ttf in Resources */,
				45DD04F4429A4B5080BD9385 /* Inter_18pt-MediumItalic.ttf in Resources */,
				4E96B00AC58E4C55A99764B6 /* Fredoka-Regular.ttf in Resources */,
				221D7A6C9C3B4C4B92A43977 /* Fredoka_SemiCondensed-Medium.ttf in Resources */,
				4ECA423933C44264908C9FF5 /* SpaceMono-Bold.ttf in Resources */,
				9C19BFFC2015430B9A410DD1 /* JetBrainsMono-Italic.ttf in Resources */,
				33EC7173FBF940A6A4348FEE /* Fredoka_Expanded-Regular.ttf in Resources */,
				EFCA3DEF9406446F851F7AEC /* Inter_18pt-SemiBoldItalic.ttf in Resources */,
				BCA6B53E9E5849339B61EA19 /* Fredoka_Expanded-Bold.ttf in Resources */,
				C817AD17597148BBACA772CD /* RobotoMono-ExtraLightItalic.ttf in Resources */,
				2E740AF6AB0C43CB821AED4A /* Inter_24pt-ExtraLightItalic.ttf in Resources */,
				BADE3BF6EDCE4E18A0083328 /* PlayfairDisplaySC-Bold.ttf in Resources */,
				488B6D1B833E49109D24FE9F /* Inter_24pt-SemiBoldItalic.ttf in Resources */,
				C301A16A734D432FABD1071A /* Inter_18pt-Medium.ttf in Resources */,
				8973B386D8DB43B6B3F23959 /* Inter_28pt-LightItalic.ttf in Resources */,
				B94BE56D89FE4AD88861549D /* JetBrainsMono-SemiBoldItalic.ttf in Resources */,
				63149148EB3C4770A778488B /* Inter_28pt-ExtraBoldItalic.ttf in Resources */,
				F27D65A78E1A4B84BBB68289 /* CrimsonText-Bold.ttf in Resources */,
				03F4BD5D6E3B42BC94F24FC4 /* Fredoka_SemiCondensed-Regular.ttf in Resources */,
				79338CECF2B24C76A42000C9 /* BebasNeue-Regular.ttf in Resources */,
				325E0F03159041D1956DA5E3 /* Inter_18pt-LightItalic.ttf in Resources */,
				34F4F46D1B2D45F3957D52DF /* Fredoka_Condensed-Regular.ttf in Resources */,
				62314A331CB04F2A8B07358A /* Inter_18pt-Bold.ttf in Resources */,
				D2D1CE232CC343D796B4F52C /* CrimsonText-SemiBoldItalic.ttf in Resources */,
				D98A7C7F54D446548C9985EA /* PlayfairDisplaySC-Regular.ttf in Resources */,
				0EE767CD8E404F94A94E3C97 /* Inter_28pt-MediumItalic.ttf in Resources */,
				5478E20A65A3421F852F54F1 /* Inter_28pt-Thin.ttf in Resources */,
				6389263C505B47CBAA6E58B4 /* Fredoka-Light.ttf in Resources */,
				7BE44C5E5ADD4A02BD0E413D /* Cinzel-ExtraBold.ttf in Resources */,
				B4DDDE3E08C64A5AB2AA17FD /* Fredoka_Expanded-Medium.ttf in Resources */,
				23141074F41F40D0903C575C /* RobotoMono-Light.ttf in Resources */,
				E6885376595146FBBC29112E /* EBGaramond-Italic.ttf in Resources */,
				65C00564FAF548E8ACAD8694 /* EBGaramond-SemiBold.ttf in Resources */,
				8319C20619AE4608A1AB90D4 /* Inter_18pt-Regular.ttf in Resources */,
				841189894D504235A1E191B2 /* PlayfairDisplaySC-BoldItalic.ttf in Resources */,
				F6129168DC974362AAC7A788 /* Inter_24pt-Light.ttf in Resources */,
				FABEE19EF173474DBBE63C69 /* Inter_24pt-ExtraBoldItalic.ttf in Resources */,
				DB2EA5162FC441C594A20D16 /* Inter_28pt-Regular.ttf in Resources */,
				FABD656B2D0D41879D9807AB /* JetBrainsMono-MediumItalic.ttf in Resources */,
				8565C7DAE73C4EF599FD3EFE /* Inter_18pt-BoldItalic.ttf in Resources */,
				B815514709FF4E16A56677B2 /* SpaceMono-Italic.ttf in Resources */,
				1B576F50B33E427A928BB5B3 /* Fredoka_Condensed-Medium.ttf in Resources */,
				CB2905FE42F445FE821739B9 /* CrimsonText-BoldItalic.ttf in Resources */,
				C4667D8C322D4461831298BE /* RobotoMono-BoldItalic.ttf in Resources */,
				04ACCE28BA274CE19A3277A4 /* RobotoMono-Medium.ttf in Resources */,
				09E7D5D4773343F9A7F4EFEC /* Inter_24pt-BlackItalic.ttf in Resources */,
				01159E8D48A54D12BE28B7BD /* Inter_24pt-Bold.ttf in Resources */,
				E0A6D5E12E6F444DA9A5D6D5 /* RobotoMono-ThinItalic.ttf in Resources */,
				E33D0C451601443FA15522F7 /* Inter_18pt-ExtraLight.ttf in Resources */,
				C71F06D710344AB0BA09C27D /* JetBrainsMono-ThinItalic.ttf in Resources */,
				E62F6E908E2844148A74B761 /* EBGaramond-SemiBoldItalic.ttf in Resources */,
				4DFD9641627149B1B0DADA28 /* RobotoMono-MediumItalic.ttf in Resources */,
				438C41BB189B42D0B6D5DD67 /* Inter_28pt-Bold.ttf in Resources */,
				4E9354F1853F44EC8C3F34F0 /* Inter_24pt-MediumItalic.ttf in Resources */,
				21863BD594F34A9AAEC84F5D /* Inter_18pt-ThinItalic.ttf in Resources */,
				D243734852FB4871ADC86E75 /* Inter_28pt-SemiBoldItalic.ttf in Resources */,
				ED542516090D4F5DBF2F7D80 /* Inter_24pt-LightItalic.ttf in Resources */,
				DE1D24222F34272D0022EF51 /* LaunchScreen.storyboard in Resources */,
				DE1D24232F34272D0022EF51 /* Images.xcassets in Resources */,
				DE1D24242F34272D0022EF51 /* PrivacyInfo.xcprivacy in Resources */,
				DE7D34072F4ABB9C00AEFA99 /* GoogleService-Info-Staging.plist in Resources */,
				DE7D34082F4ABB9C00AEFA99 /* GoogleService-Info.plist in Resources */,
				AA1B2C3D4E5F6A7B8C9D0E1F /* BootSplash.storyboard in Resources */,
				BB2C3D4E5F6A7B8C9D0E1F2A /* Colors.xcassets in Resources */,
				A155AC451D514795BBB18CEA /* piece_move.wav in Resources */,
				E7DD39365D904FE9B199C1F6 /* dice_roll.mp3 in Resources */,
				A409AE44732D4EC4B62CB6B7 /* card_flip.mp3 in Resources */,
				8076BE06CA9E4BBAADAC72AD /* card_riffle_shuffle.mp3 in Resources */,
				831A4413F32044979A92E43D /* coin_drop.mp3 in Resources */,
			);
			runOnlyForDeploymentPostprocessing = 0;
		};
/* End PBXResourcesBuildPhase section */

/* Begin PBXShellScriptBuildPhase section */
		00DD1BFF1BD5951E006B06BC /* Bundle React Native code and images */ = {
			isa = PBXShellScriptBuildPhase;
			buildActionMask = 2147483647;
			files = (
			);
			inputPaths = (
				"$(SRCROOT)/.xcode.env.local",
				"$(SRCROOT)/.xcode.env",
			);
			name = "Bundle React Native code and images";
			outputPaths = (
			);
			runOnlyForDeploymentPostprocessing = 0;
			shellPath = /bin/sh;
			shellScript = "set -e\n\nWITH_ENVIRONMENT=\"$REACT_NATIVE_PATH/scripts/xcode/with-environment.sh\"\nREACT_NATIVE_XCODE=\"$REACT_NATIVE_PATH/scripts/react-native-xcode.sh\"\n\n/bin/sh -c \"\\\"$WITH_ENVIRONMENT\\\" \\\"$REACT_NATIVE_XCODE\\\"\"\n";
		};
		6347354F4903239B0D217808 /* [CP-User] [RNFB] Core Configuration */ = {
			isa = PBXShellScriptBuildPhase;
			buildActionMask = 2147483647;
			files = (
			);
			inputPaths = (
				"$(BUILT_PRODUCTS_DIR)/$(INFOPLIST_PATH)",
			);
			name = "[CP-User] [RNFB] Core Configuration";
			runOnlyForDeploymentPostprocessing = 0;
			shellPath = /bin/sh;
			shellScript = "#!/usr/bin/env bash\n#\n# Copyright (c) 2016-present Invertase Limited & Contributors\n#\n# Licensed under the Apache License, Version 2.0 (the \"License\");\n# you may not use this library except in compliance with the License.\n# You may obtain a copy of the License at\n#\n#   http://www.apache.org/licenses/LICENSE-2.0\n#\n# Unless required by applicable law or agreed to in writing, software\n# distributed under the License is distributed on an \"AS IS\" BASIS,\n# WITHOUT WARRANTIES OR CONDITIONS OF ANY KIND, either express or implied.\n# See the License for the specific language governing permissions and\n# limitations under the License.\n#\n\n##########################################################################\n##########################################################################\n#\n#  NOTE THAT IF YOU CHANGE THIS FILE YOU MUST RUN pod install AFTERWARDS\n#\n#  This file is installed as an Xcode build script in the project file\n#  by cocoapods, and you will not see your changes until you pod install\n#\n##########################################################################\n##########################################################################\n\nset -e\n\n_MAX_LOOKUPS=2;\n_SEARCH_RESULT=''\n_RN_ROOT_EXISTS=''\n_CURRENT_LOOKUPS=1\n_JSON_ROOT=\"'react-native'\"\n_JSON_FILE_NAME='firebase.json'\n_JSON_OUTPUT_BASE64='e30=' # { }\n_CURRENT_SEARCH_DIR=${PROJECT_DIR}\n_PLIST_BUDDY=/usr/libexec/PlistBuddy\n_TARGET_PLIST=\"${BUILT_PRODUCTS_DIR}/${INFOPLIST_PATH}\"\n_DSYM_PLIST=\"${DWARF_DSYM_FOLDER_PATH}/${DWARF_DSYM_FILE_NAME}/Contents/Info.plist\"\n\n# plist arrays\n_PLIST_ENTRY_KEYS=()\n_PLIST_ENTRY_TYPES=()\n_PLIST_ENTRY_VALUES=()\n\nfunction setPlistValue {\n  echo \"note:      setting plist entry '$1' of type '$2' in file '$4'\"\n  ${_PLIST_BUDDY} -c \"Add :$1 $2 '$3'\" $4 || echo \"note:      '$1' already exists\"\n}\n\nfunction getFirebaseJsonKeyValue () {\n  if [[ ${_RN_ROOT_EXISTS} ]]; then\n    ruby -Ku -e \"require 'rubygems';require 'json'; output=JSON.parse('$1'); puts output[$_JSON_ROOT]['$2']\"\n  else\n    echo \"\"\n  fi;\n}\n\nfunction jsonBoolToYesNo () {\n  if [[ $1 == \"false\" ]]; then\n    echo \"NO\"\n  elif [[ $1 == \"true\" ]]; then\n    echo \"YES\"\n  else echo \"NO\"\n  fi\n}\n\necho \"note: -> RNFB build script started\"\necho \"note: 1) Locating ${_JSON_FILE_NAME} file:\"\n\nif [[ -z ${_CURRENT_SEARCH_DIR} ]]; then\n  _CURRENT_SEARCH_DIR=$(pwd)\nfi;\n\nwhile true; do\n  _CURRENT_SEARCH_DIR=$(dirname \"$_CURRENT_SEARCH_DIR\")\n  if [[ \"$_CURRENT_SEARCH_DIR\" == \"/\" ]] || [[ ${_CURRENT_LOOKUPS} -gt ${_MAX_LOOKUPS} ]]; then break; fi;\n  echo \"note:      ($_CURRENT_LOOKUPS of $_MAX_LOOKUPS) Searching in '$_CURRENT_SEARCH_DIR' for a ${_JSON_FILE_NAME} file.\"\n  _SEARCH_RESULT=$(find \"$_CURRENT_SEARCH_DIR\" -maxdepth 2 -name ${_JSON_FILE_NAME} -print | /usr/bin/head -n 1)\n  if [[ ${_SEARCH_RESULT} ]]; then\n    echo \"note:      ${_JSON_FILE_NAME} found at $_SEARCH_RESULT\"\n    break;\n  fi;\n  _CURRENT_LOOKUPS=$((_CURRENT_LOOKUPS+1))\ndone\n\nif [[ ${_SEARCH_RESULT} ]]; then\n  _JSON_OUTPUT_RAW=$(cat \"${_SEARCH_RESULT}\")\n  if ! _RN_ROOT_EXISTS=$(ruby -Ku -e \"require 'json'; output=JSON.parse('$_JSON_OUTPUT_RAW'); puts output[$_JSON_ROOT]\"); then\n    echo \"error: Failed to parse firebase.json, check for syntax errors.\"\n    exit 1\n  fi\n\n  if [[ ${_RN_ROOT_EXISTS} ]]; then\n    if ! python3 --version >/dev/null 2>&1; then echo \"error: python3 not found, firebase.json file processing error.\" && exit 1; fi\n    _JSON_OUTPUT_BASE64=$(python3 -c 'import json,sys,base64;print(base64.b64encode(bytes(json.dumps(json.loads(open('\"'${_SEARCH_RESULT}'\"', '\"'rb'\"').read())['${_JSON_ROOT}']), '\"'utf-8'\"')).decode())' || echo \"e30=\")\n  fi\n\n  _PLIST_ENTRY_KEYS+=(\"firebase_json_raw\")\n  _PLIST_ENTRY_TYPES+=(\"string\")\n  _PLIST_ENTRY_VALUES+=(\"$_JSON_OUTPUT_BASE64\")\n\n  # config.app_data_collection_default_enabled\n  _APP_DATA_COLLECTION_ENABLED=$(getFirebaseJsonKeyValue \"$_JSON_OUTPUT_RAW\" \"app_data_collection_default_enabled\")\n  if [[ $_APP_DATA_COLLECTION_ENABLED ]]; then\n    _PLIST_ENTRY_KEYS+=(\"FirebaseDataCollectionDefaultEnabled\")\n    _PLIST_ENTRY_TYPES+=(\"bool\")\n    _PLIST_ENTRY_VALUES+=(\"$(jsonBoolToYesNo \"$_APP_DATA_COLLECTION_ENABLED\")\")\n  fi\n\n  # config.analytics_auto_collection_enabled\n  _ANALYTICS_AUTO_COLLECTION=$(getFirebaseJsonKeyValue \"$_JSON_OUTPUT_RAW\" \"analytics_auto_collection_enabled\")\n  if [[ $_ANALYTICS_AUTO_COLLECTION ]]; then\n    _PLIST_ENTRY_KEYS+=(\"FIREBASE_ANALYTICS_COLLECTION_ENABLED\")\n    _PLIST_ENTRY_TYPES+=(\"bool\")\n    _PLIST_ENTRY_VALUES+=(\"$(jsonBoolToYesNo \"$_ANALYTICS_AUTO_COLLECTION\")\")\n  fi\n\n  # config.analytics_collection_deactivated\n  _ANALYTICS_DEACTIVATED=$(getFirebaseJsonKeyValue \"$_JSON_OUTPUT_RAW\" \"analytics_collection_deactivated\")\n  if [[ $_ANALYTICS_DEACTIVATED ]]; then\n    _PLIST_ENTRY_KEYS+=(\"FIREBASE_ANALYTICS_COLLECTION_DEACTIVATED\")\n    _PLIST_ENTRY_TYPES+=(\"bool\")\n    _PLIST_ENTRY_VALUES+=(\"$(jsonBoolToYesNo \"$_ANALYTICS_DEACTIVATED\")\")\n  fi\n\n  # config.analytics_idfv_collection_enabled\n  _ANALYTICS_IDFV_COLLECTION=$(getFirebaseJsonKeyValue \"$_JSON_OUTPUT_RAW\" \"analytics_idfv_collection_enabled\")\n  if [[ $_ANALYTICS_IDFV_COLLECTION ]]; then\n    _PLIST_ENTRY_KEYS+=(\"GOOGLE_ANALYTICS_IDFV_COLLECTION_ENABLED\")\n    _PLIST_ENTRY_TYPES+=(\"bool\")\n    _PLIST_ENTRY_VALUES+=(\"$(jsonBoolToYesNo \"$_ANALYTICS_IDFV_COLLECTION\")\")\n  fi\n\n  # config.analytics_default_allow_analytics_storage\n  _ANALYTICS_STORAGE=$(getFirebaseJsonKeyValue \"$_JSON_OUTPUT_RAW\" \"analytics_default_allow_analytics_storage\")\n  if [[ $_ANALYTICS_STORAGE ]]; then\n    _PLIST_ENTRY_KEYS+=(\"GOOGLE_ANALYTICS_DEFAULT_ALLOW_ANALYTICS_STORAGE\")\n    _PLIST_ENTRY_TYPES+=(\"bool\")\n    _PLIST_ENTRY_VALUES+=(\"$(jsonBoolToYesNo \"$_ANALYTICS_STORAGE\")\")\n  fi\n\n  # config.analytics_default_allow_ad_storage\n  _ANALYTICS_AD_STORAGE=$(getFirebaseJsonKeyValue \"$_JSON_OUTPUT_RAW\" \"analytics_default_allow_ad_storage\")\n  if [[ $_ANALYTICS_AD_STORAGE ]]; then\n    _PLIST_ENTRY_KEYS+=(\"GOOGLE_ANALYTICS_DEFAULT_ALLOW_AD_STORAGE\")\n    _PLIST_ENTRY_TYPES+=(\"bool\")\n    _PLIST_ENTRY_VALUES+=(\"$(jsonBoolToYesNo \"$_ANALYTICS_AD_STORAGE\")\")\n  fi\n\n  # config.analytics_default_allow_ad_user_data\n  _ANALYTICS_AD_USER_DATA=$(getFirebaseJsonKeyValue \"$_JSON_OUTPUT_RAW\" \"analytics_default_allow_ad_user_data\")\n  if [[ $_ANALYTICS_AD_USER_DATA ]]; then\n    _PLIST_ENTRY_KEYS+=(\"GOOGLE_ANALYTICS_DEFAULT_ALLOW_AD_USER_DATA\")\n    _PLIST_ENTRY_TYPES+=(\"bool\")\n    _PLIST_ENTRY_VALUES+=(\"$(jsonBoolToYesNo \"$_ANALYTICS_AD_USER_DATA\")\")\n  fi\n\n  # config.analytics_default_allow_ad_personalization_signals\n  _ANALYTICS_PERSONALIZATION=$(getFirebaseJsonKeyValue \"$_JSON_OUTPUT_RAW\" \"analytics_default_allow_ad_personalization_signals\")\n  if [[ $_ANALYTICS_PERSONALIZATION ]]; then\n    _PLIST_ENTRY_KEYS+=(\"GOOGLE_ANALYTICS_DEFAULT_ALLOW_AD_PERSONALIZATION_SIGNALS\")\n    _PLIST_ENTRY_TYPES+=(\"bool\")\n    _PLIST_ENTRY_VALUES+=(\"$(jsonBoolToYesNo \"$_ANALYTICS_PERSONALIZATION\")\")\n  fi\n\n  # config.analytics_registration_with_ad_network_enabled\n  _ANALYTICS_REGISTRATION_WITH_AD_NETWORK=$(getFirebaseJsonKeyValue \"$_JSON_OUTPUT_RAW\" \"google_analytics_registration_with_ad_network_enabled\")\n  if [[ $_ANALYTICS_REGISTRATION_WITH_AD_NETWORK ]]; then\n    _PLIST_ENTRY_KEYS+=(\"GOOGLE_ANALYTICS_REGISTRATION_WITH_AD_NETWORK_ENABLED\")\n    _PLIST_ENTRY_TYPES+=(\"bool\")\n    _PLIST_ENTRY_VALUES+=(\"$(jsonBoolToYesNo \"$_ANALYTICS_REGISTRATION_WITH_AD_NETWORK\")\")\n  fi\n\n  # config.google_analytics_automatic_screen_reporting_enabled\n  _ANALYTICS_AUTO_SCREEN_REPORTING=$(getFirebaseJsonKeyValue \"$_JSON_OUTPUT_RAW\" \"google_analytics_automatic_screen_reporting_enabled\")\n  if [[ $_ANALYTICS_AUTO_SCREEN_REPORTING ]]; then\n    _PLIST_ENTRY_KEYS+=(\"FirebaseAutomaticScreenReportingEnabled\")\n    _PLIST_ENTRY_TYPES+=(\"bool\")\n    _PLIST_ENTRY_VALUES+=(\"$(jsonBoolToYesNo \"$_ANALYTICS_AUTO_SCREEN_REPORTING\")\")\n  fi\n\n  # config.perf_auto_collection_enabled\n  _PERF_AUTO_COLLECTION=$(getFirebaseJsonKeyValue \"$_JSON_OUTPUT_RAW\" \"perf_auto_collection_enabled\")\n  if [[ $_PERF_AUTO_COLLECTION ]]; then\n    _PLIST_ENTRY_KEYS+=(\"firebase_performance_collection_enabled\")\n    _PLIST_ENTRY_TYPES+=(\"bool\")\n    _PLIST_ENTRY_VALUES+=(\"$(jsonBoolToYesNo \"$_PERF_AUTO_COLLECTION\")\")\n  fi\n\n  # config.perf_collection_deactivated\n  _PERF_DEACTIVATED=$(getFirebaseJsonKeyValue \"$_JSON_OUTPUT_RAW\" \"perf_collection_deactivated\")\n  if [[ $_PERF_DEACTIVATED ]]; then\n    _PLIST_ENTRY_KEYS+=(\"firebase_performance_collection_deactivated\")\n    _PLIST_ENTRY_TYPES+=(\"bool\")\n    _PLIST_ENTRY_VALUES+=(\"$(jsonBoolToYesNo \"$_PERF_DEACTIVATED\")\")\n  fi\n\n  # config.messaging_auto_init_enabled\n  _MESSAGING_AUTO_INIT=$(getFirebaseJsonKeyValue \"$_JSON_OUTPUT_RAW\" \"messaging_auto_init_enabled\")\n  if [[ $_MESSAGING_AUTO_INIT ]]; then\n    _PLIST_ENTRY_KEYS+=(\"FirebaseMessagingAutoInitEnabled\")\n    _PLIST_ENTRY_TYPES+=(\"bool\")\n    _PLIST_ENTRY_VALUES+=(\"$(jsonBoolToYesNo \"$_MESSAGING_AUTO_INIT\")\")\n  fi\n\n  # config.in_app_messaging_auto_colllection_enabled\n  _FIAM_AUTO_INIT=$(getFirebaseJsonKeyValue \"$_JSON_OUTPUT_RAW\" \"in_app_messaging_auto_collection_enabled\")\n  if [[ $_FIAM_AUTO_INIT ]]; then\n    _PLIST_ENTRY_KEYS+=(\"FirebaseInAppMessagingAutomaticDataCollectionEnabled\")\n    _PLIST_ENTRY_TYPES+=(\"bool\")\n    _PLIST_ENTRY_VALUES+=(\"$(jsonBoolToYesNo \"$_FIAM_AUTO_INIT\")\")\n  fi\n\n  # config.app_check_token_auto_refresh\n  _APP_CHECK_TOKEN_AUTO_REFRESH=$(getFirebaseJsonKeyValue \"$_JSON_OUTPUT_RAW\" \"app_check_token_auto_refresh\")\n  if [[ $_APP_CHECK_TOKEN_AUTO_REFRESH ]]; then\n    _PLIST_ENTRY_KEYS+=(\"FirebaseAppCheckTokenAutoRefreshEnabled\")\n    _PLIST_ENTRY_TYPES+=(\"bool\")\n    _PLIST_ENTRY_VALUES+=(\"$(jsonBoolToYesNo \"$_APP_CHECK_TOKEN_AUTO_REFRESH\")\")\n  fi\n\n  # config.crashlytics_disable_auto_disabler - undocumented for now - mainly for debugging, document if becomes useful\n  _CRASHLYTICS_AUTO_DISABLE_ENABLED=$(getFirebaseJsonKeyValue \"$_JSON_OUTPUT_RAW\" \"crashlytics_disable_auto_disabler\")\n  if [[ $_CRASHLYTICS_AUTO_DISABLE_ENABLED == \"true\" ]]; then\n    echo \"Disabled Crashlytics auto disabler.\" # do nothing\n  else\n    _PLIST_ENTRY_KEYS+=(\"FirebaseCrashlyticsCollectionEnabled\")\n    _PLIST_ENTRY_TYPES+=(\"bool\")\n    _PLIST_ENTRY_VALUES+=(\"NO\")\n  fi\nelse\n  _PLIST_ENTRY_KEYS+=(\"firebase_json_raw\")\n  _PLIST_ENTRY_TYPES+=(\"string\")\n  _PLIST_ENTRY_VALUES+=(\"$_JSON_OUTPUT_BASE64\")\n  echo \"warning:   A firebase.json file was not found, whilst this file is optional it is recommended to include it to configure firebase services in React Native Firebase.\"\nfi;\n\necho \"note: 2) Injecting Info.plist entries: \"\n\n# Log out the keys we're adding\nfor i in \"${!_PLIST_ENTRY_KEYS[@]}\"; do\n  echo \"    ->  $i) ${_PLIST_ENTRY_KEYS[$i]}\" \"${_PLIST_ENTRY_TYPES[$i]}\" \"${_PLIST_ENTRY_VALUES[$i]}\"\ndone\n\nfor plist in \"${_TARGET_PLIST}\" \"${_DSYM_PLIST}\" ; do\n  if [[ -f \"${plist}\" ]]; then\n\n    # paths with spaces break the call to setPlistValue. temporarily modify\n    # the shell internal field separator variable (IFS), which normally\n    # includes spaces, to consist only of line breaks\n    oldifs=$IFS\n    IFS=\"\n\"\n\n    for i in \"${!_PLIST_ENTRY_KEYS[@]}\"; do\n      setPlistValue \"${_PLIST_ENTRY_KEYS[$i]}\" \"${_PLIST_ENTRY_TYPES[$i]}\" \"${_PLIST_ENTRY_VALUES[$i]}\" \"${plist}\"\n    done\n\n    # restore the original internal field separator value\n    IFS=$oldifs\n  else\n    echo \"warning:   A Info.plist build output file was not found (${plist})\"\n  fi\ndone\n\necho \"note: <- RNFB build script finished\"\n";
		};
		7D6A6B979C2F77FC457F2D97 /* [CP] Copy Pods Resources */ = {
			isa = PBXShellScriptBuildPhase;
			buildActionMask = 2147483647;
			files = (
			);
			inputFileListPaths = (
				"${PODS_ROOT}/Target Support Files/Pods-bisetka-staging/Pods-bisetka-staging-resources-${CONFIGURATION}-input-files.xcfilelist",
			);
			name = "[CP] Copy Pods Resources";
			outputFileListPaths = (
				"${PODS_ROOT}/Target Support Files/Pods-bisetka-staging/Pods-bisetka-staging-resources-${CONFIGURATION}-output-files.xcfilelist",
			);
			runOnlyForDeploymentPostprocessing = 0;
			shellPath = /bin/sh;
			shellScript = "\"${PODS_ROOT}/Target Support Files/Pods-bisetka-staging/Pods-bisetka-staging-resources.sh\"\n";
			showEnvVarsInLog = 0;
		};
		9217FAA6FA1612D74403876C /* [CP] Check Pods Manifest.lock */ = {
			isa = PBXShellScriptBuildPhase;
			buildActionMask = 2147483647;
			files = (
			);
			inputFileListPaths = (
			);
			inputPaths = (
				"${PODS_PODFILE_DIR_PATH}/Podfile.lock",
				"${PODS_ROOT}/Manifest.lock",
			);
			name = "[CP] Check Pods Manifest.lock";
			outputFileListPaths = (
			);
			outputPaths = (
				"$(DERIVED_FILE_DIR)/Pods-bisetka-checkManifestLockResult.txt",
			);
			runOnlyForDeploymentPostprocessing = 0;
			shellPath = /bin/sh;
			shellScript = "diff \"${PODS_PODFILE_DIR_PATH}/Podfile.lock\" \"${PODS_ROOT}/Manifest.lock\" > /dev/null\nif [ $? != 0 ] ; then\n    # print error to STDERR\n    echo \"error: The sandbox is not in sync with the Podfile.lock. Run 'pod install' or update your CocoaPods installation.\" >&2\n    exit 1\nfi\n# This output is used by Xcode 'outputs' to avoid re-running this script phase.\necho \"SUCCESS\" > \"${SCRIPT_OUTPUT_FILE_0}\"\n";
			showEnvVarsInLog = 0;
		};
		9BA5448AC173B66E91FD792A /* [CP-User] [RNFB] Core Configuration */ = {
			isa = PBXShellScriptBuildPhase;
			buildActionMask = 2147483647;
			files = (
			);
			inputPaths = (
				"$(BUILT_PRODUCTS_DIR)/$(INFOPLIST_PATH)",
			);
			name = "[CP-User] [RNFB] Core Configuration";
			runOnlyForDeploymentPostprocessing = 0;
			shellPath = /bin/sh;
			shellScript = "#!/usr/bin/env bash\n#\n# Copyright (c) 2016-present Invertase Limited & Contributors\n#\n# Licensed under the Apache License, Version 2.0 (the \"License\");\n# you may not use this library except in compliance with the License.\n# You may obtain a copy of the License at\n#\n#   http://www.apache.org/licenses/LICENSE-2.0\n#\n# Unless required by applicable law or agreed to in writing, software\n# distributed under the License is distributed on an \"AS IS\" BASIS,\n# WITHOUT WARRANTIES OR CONDITIONS OF ANY KIND, either express or implied.\n# See the License for the specific language governing permissions and\n# limitations under the License.\n#\n\n##########################################################################\n##########################################################################\n#\n#  NOTE THAT IF YOU CHANGE THIS FILE YOU MUST RUN pod install AFTERWARDS\n#\n#  This file is installed as an Xcode build script in the project file\n#  by cocoapods, and you will not see your changes until you pod install\n#\n##########################################################################\n##########################################################################\n\nset -e\n\n_MAX_LOOKUPS=2;\n_SEARCH_RESULT=''\n_RN_ROOT_EXISTS=''\n_CURRENT_LOOKUPS=1\n_JSON_ROOT=\"'react-native'\"\n_JSON_FILE_NAME='firebase.json'\n_JSON_OUTPUT_BASE64='e30=' # { }\n_CURRENT_SEARCH_DIR=${PROJECT_DIR}\n_PLIST_BUDDY=/usr/libexec/PlistBuddy\n_TARGET_PLIST=\"${BUILT_PRODUCTS_DIR}/${INFOPLIST_PATH}\"\n_DSYM_PLIST=\"${DWARF_DSYM_FOLDER_PATH}/${DWARF_DSYM_FILE_NAME}/Contents/Info.plist\"\n\n# plist arrays\n_PLIST_ENTRY_KEYS=()\n_PLIST_ENTRY_TYPES=()\n_PLIST_ENTRY_VALUES=()\n\nfunction setPlistValue {\n  echo \"note:      setting plist entry '$1' of type '$2' in file '$4'\"\n  ${_PLIST_BUDDY} -c \"Add :$1 $2 '$3'\" $4 || echo \"note:      '$1' already exists\"\n}\n\nfunction getFirebaseJsonKeyValue () {\n  if [[ ${_RN_ROOT_EXISTS} ]]; then\n    ruby -Ku -e \"require 'rubygems';require 'json'; output=JSON.parse('$1'); puts output[$_JSON_ROOT]['$2']\"\n  else\n    echo \"\"\n  fi;\n}\n\nfunction jsonBoolToYesNo () {\n  if [[ $1 == \"false\" ]]; then\n    echo \"NO\"\n  elif [[ $1 == \"true\" ]]; then\n    echo \"YES\"\n  else echo \"NO\"\n  fi\n}\n\necho \"note: -> RNFB build script started\"\necho \"note: 1) Locating ${_JSON_FILE_NAME} file:\"\n\nif [[ -z ${_CURRENT_SEARCH_DIR} ]]; then\n  _CURRENT_SEARCH_DIR=$(pwd)\nfi;\n\nwhile true; do\n  _CURRENT_SEARCH_DIR=$(dirname \"$_CURRENT_SEARCH_DIR\")\n  if [[ \"$_CURRENT_SEARCH_DIR\" == \"/\" ]] || [[ ${_CURRENT_LOOKUPS} -gt ${_MAX_LOOKUPS} ]]; then break; fi;\n  echo \"note:      ($_CURRENT_LOOKUPS of $_MAX_LOOKUPS) Searching in '$_CURRENT_SEARCH_DIR' for a ${_JSON_FILE_NAME} file.\"\n  _SEARCH_RESULT=$(find \"$_CURRENT_SEARCH_DIR\" -maxdepth 2 -name ${_JSON_FILE_NAME} -print | /usr/bin/head -n 1)\n  if [[ ${_SEARCH_RESULT} ]]; then\n    echo \"note:      ${_JSON_FILE_NAME} found at $_SEARCH_RESULT\"\n    break;\n  fi;\n  _CURRENT_LOOKUPS=$((_CURRENT_LOOKUPS+1))\ndone\n\nif [[ ${_SEARCH_RESULT} ]]; then\n  _JSON_OUTPUT_RAW=$(cat \"${_SEARCH_RESULT}\")\n  if ! _RN_ROOT_EXISTS=$(ruby -Ku -e \"require 'json'; output=JSON.parse('$_JSON_OUTPUT_RAW'); puts output[$_JSON_ROOT]\"); then\n    echo \"error: Failed to parse firebase.json, check for syntax errors.\"\n    exit 1\n  fi\n\n  if [[ ${_RN_ROOT_EXISTS} ]]; then\n    if ! python3 --version >/dev/null 2>&1; then echo \"error: python3 not found, firebase.json file processing error.\" && exit 1; fi\n    _JSON_OUTPUT_BASE64=$(python3 -c 'import json,sys,base64;print(base64.b64encode(bytes(json.dumps(json.loads(open('\"'${_SEARCH_RESULT}'\"', '\"'rb'\"').read())['${_JSON_ROOT}']), '\"'utf-8'\"')).decode())' || echo \"e30=\")\n  fi\n\n  _PLIST_ENTRY_KEYS+=(\"firebase_json_raw\")\n  _PLIST_ENTRY_TYPES+=(\"string\")\n  _PLIST_ENTRY_VALUES+=(\"$_JSON_OUTPUT_BASE64\")\n\n  # config.app_data_collection_default_enabled\n  _APP_DATA_COLLECTION_ENABLED=$(getFirebaseJsonKeyValue \"$_JSON_OUTPUT_RAW\" \"app_data_collection_default_enabled\")\n  if [[ $_APP_DATA_COLLECTION_ENABLED ]]; then\n    _PLIST_ENTRY_KEYS+=(\"FirebaseDataCollectionDefaultEnabled\")\n    _PLIST_ENTRY_TYPES+=(\"bool\")\n    _PLIST_ENTRY_VALUES+=(\"$(jsonBoolToYesNo \"$_APP_DATA_COLLECTION_ENABLED\")\")\n  fi\n\n  # config.analytics_auto_collection_enabled\n  _ANALYTICS_AUTO_COLLECTION=$(getFirebaseJsonKeyValue \"$_JSON_OUTPUT_RAW\" \"analytics_auto_collection_enabled\")\n  if [[ $_ANALYTICS_AUTO_COLLECTION ]]; then\n    _PLIST_ENTRY_KEYS+=(\"FIREBASE_ANALYTICS_COLLECTION_ENABLED\")\n    _PLIST_ENTRY_TYPES+=(\"bool\")\n    _PLIST_ENTRY_VALUES+=(\"$(jsonBoolToYesNo \"$_ANALYTICS_AUTO_COLLECTION\")\")\n  fi\n\n  # config.analytics_collection_deactivated\n  _ANALYTICS_DEACTIVATED=$(getFirebaseJsonKeyValue \"$_JSON_OUTPUT_RAW\" \"analytics_collection_deactivated\")\n  if [[ $_ANALYTICS_DEACTIVATED ]]; then\n    _PLIST_ENTRY_KEYS+=(\"FIREBASE_ANALYTICS_COLLECTION_DEACTIVATED\")\n    _PLIST_ENTRY_TYPES+=(\"bool\")\n    _PLIST_ENTRY_VALUES+=(\"$(jsonBoolToYesNo \"$_ANALYTICS_DEACTIVATED\")\")\n  fi\n\n  # config.analytics_idfv_collection_enabled\n  _ANALYTICS_IDFV_COLLECTION=$(getFirebaseJsonKeyValue \"$_JSON_OUTPUT_RAW\" \"analytics_idfv_collection_enabled\")\n  if [[ $_ANALYTICS_IDFV_COLLECTION ]]; then\n    _PLIST_ENTRY_KEYS+=(\"GOOGLE_ANALYTICS_IDFV_COLLECTION_ENABLED\")\n    _PLIST_ENTRY_TYPES+=(\"bool\")\n    _PLIST_ENTRY_VALUES+=(\"$(jsonBoolToYesNo \"$_ANALYTICS_IDFV_COLLECTION\")\")\n  fi\n\n  # config.analytics_default_allow_analytics_storage\n  _ANALYTICS_STORAGE=$(getFirebaseJsonKeyValue \"$_JSON_OUTPUT_RAW\" \"analytics_default_allow_analytics_storage\")\n  if [[ $_ANALYTICS_STORAGE ]]; then\n    _PLIST_ENTRY_KEYS+=(\"GOOGLE_ANALYTICS_DEFAULT_ALLOW_ANALYTICS_STORAGE\")\n    _PLIST_ENTRY_TYPES+=(\"bool\")\n    _PLIST_ENTRY_VALUES+=(\"$(jsonBoolToYesNo \"$_ANALYTICS_STORAGE\")\")\n  fi\n\n  # config.analytics_default_allow_ad_storage\n  _ANALYTICS_AD_STORAGE=$(getFirebaseJsonKeyValue \"$_JSON_OUTPUT_RAW\" \"analytics_default_allow_ad_storage\")\n  if [[ $_ANALYTICS_AD_STORAGE ]]; then\n    _PLIST_ENTRY_KEYS+=(\"GOOGLE_ANALYTICS_DEFAULT_ALLOW_AD_STORAGE\")\n    _PLIST_ENTRY_TYPES+=(\"bool\")\n    _PLIST_ENTRY_VALUES+=(\"$(jsonBoolToYesNo \"$_ANALYTICS_AD_STORAGE\")\")\n  fi\n\n  # config.analytics_default_allow_ad_user_data\n  _ANALYTICS_AD_USER_DATA=$(getFirebaseJsonKeyValue \"$_JSON_OUTPUT_RAW\" \"analytics_default_allow_ad_user_data\")\n  if [[ $_ANALYTICS_AD_USER_DATA ]]; then\n    _PLIST_ENTRY_KEYS+=(\"GOOGLE_ANALYTICS_DEFAULT_ALLOW_AD_USER_DATA\")\n    _PLIST_ENTRY_TYPES+=(\"bool\")\n    _PLIST_ENTRY_VALUES+=(\"$(jsonBoolToYesNo \"$_ANALYTICS_AD_USER_DATA\")\")\n  fi\n\n  # config.analytics_default_allow_ad_personalization_signals\n  _ANALYTICS_PERSONALIZATION=$(getFirebaseJsonKeyValue \"$_JSON_OUTPUT_RAW\" \"analytics_default_allow_ad_personalization_signals\")\n  if [[ $_ANALYTICS_PERSONALIZATION ]]; then\n    _PLIST_ENTRY_KEYS+=(\"GOOGLE_ANALYTICS_DEFAULT_ALLOW_AD_PERSONALIZATION_SIGNALS\")\n    _PLIST_ENTRY_TYPES+=(\"bool\")\n    _PLIST_ENTRY_VALUES+=(\"$(jsonBoolToYesNo \"$_ANALYTICS_PERSONALIZATION\")\")\n  fi\n\n  # config.analytics_registration_with_ad_network_enabled\n  _ANALYTICS_REGISTRATION_WITH_AD_NETWORK=$(getFirebaseJsonKeyValue \"$_JSON_OUTPUT_RAW\" \"google_analytics_registration_with_ad_network_enabled\")\n  if [[ $_ANALYTICS_REGISTRATION_WITH_AD_NETWORK ]]; then\n    _PLIST_ENTRY_KEYS+=(\"GOOGLE_ANALYTICS_REGISTRATION_WITH_AD_NETWORK_ENABLED\")\n    _PLIST_ENTRY_TYPES+=(\"bool\")\n    _PLIST_ENTRY_VALUES+=(\"$(jsonBoolToYesNo \"$_ANALYTICS_REGISTRATION_WITH_AD_NETWORK\")\")\n  fi\n\n  # config.google_analytics_automatic_screen_reporting_enabled\n  _ANALYTICS_AUTO_SCREEN_REPORTING=$(getFirebaseJsonKeyValue \"$_JSON_OUTPUT_RAW\" \"google_analytics_automatic_screen_reporting_enabled\")\n  if [[ $_ANALYTICS_AUTO_SCREEN_REPORTING ]]; then\n    _PLIST_ENTRY_KEYS+=(\"FirebaseAutomaticScreenReportingEnabled\")\n    _PLIST_ENTRY_TYPES+=(\"bool\")\n    _PLIST_ENTRY_VALUES+=(\"$(jsonBoolToYesNo \"$_ANALYTICS_AUTO_SCREEN_REPORTING\")\")\n  fi\n\n  # config.perf_auto_collection_enabled\n  _PERF_AUTO_COLLECTION=$(getFirebaseJsonKeyValue \"$_JSON_OUTPUT_RAW\" \"perf_auto_collection_enabled\")\n  if [[ $_PERF_AUTO_COLLECTION ]]; then\n    _PLIST_ENTRY_KEYS+=(\"firebase_performance_collection_enabled\")\n    _PLIST_ENTRY_TYPES+=(\"bool\")\n    _PLIST_ENTRY_VALUES+=(\"$(jsonBoolToYesNo \"$_PERF_AUTO_COLLECTION\")\")\n  fi\n\n  # config.perf_collection_deactivated\n  _PERF_DEACTIVATED=$(getFirebaseJsonKeyValue \"$_JSON_OUTPUT_RAW\" \"perf_collection_deactivated\")\n  if [[ $_PERF_DEACTIVATED ]]; then\n    _PLIST_ENTRY_KEYS+=(\"firebase_performance_collection_deactivated\")\n    _PLIST_ENTRY_TYPES+=(\"bool\")\n    _PLIST_ENTRY_VALUES+=(\"$(jsonBoolToYesNo \"$_PERF_DEACTIVATED\")\")\n  fi\n\n  # config.messaging_auto_init_enabled\n  _MESSAGING_AUTO_INIT=$(getFirebaseJsonKeyValue \"$_JSON_OUTPUT_RAW\" \"messaging_auto_init_enabled\")\n  if [[ $_MESSAGING_AUTO_INIT ]]; then\n    _PLIST_ENTRY_KEYS+=(\"FirebaseMessagingAutoInitEnabled\")\n    _PLIST_ENTRY_TYPES+=(\"bool\")\n    _PLIST_ENTRY_VALUES+=(\"$(jsonBoolToYesNo \"$_MESSAGING_AUTO_INIT\")\")\n  fi\n\n  # config.in_app_messaging_auto_colllection_enabled\n  _FIAM_AUTO_INIT=$(getFirebaseJsonKeyValue \"$_JSON_OUTPUT_RAW\" \"in_app_messaging_auto_collection_enabled\")\n  if [[ $_FIAM_AUTO_INIT ]]; then\n    _PLIST_ENTRY_KEYS+=(\"FirebaseInAppMessagingAutomaticDataCollectionEnabled\")\n    _PLIST_ENTRY_TYPES+=(\"bool\")\n    _PLIST_ENTRY_VALUES+=(\"$(jsonBoolToYesNo \"$_FIAM_AUTO_INIT\")\")\n  fi\n\n  # config.app_check_token_auto_refresh\n  _APP_CHECK_TOKEN_AUTO_REFRESH=$(getFirebaseJsonKeyValue \"$_JSON_OUTPUT_RAW\" \"app_check_token_auto_refresh\")\n  if [[ $_APP_CHECK_TOKEN_AUTO_REFRESH ]]; then\n    _PLIST_ENTRY_KEYS+=(\"FirebaseAppCheckTokenAutoRefreshEnabled\")\n    _PLIST_ENTRY_TYPES+=(\"bool\")\n    _PLIST_ENTRY_VALUES+=(\"$(jsonBoolToYesNo \"$_APP_CHECK_TOKEN_AUTO_REFRESH\")\")\n  fi\n\n  # config.crashlytics_disable_auto_disabler - undocumented for now - mainly for debugging, document if becomes useful\n  _CRASHLYTICS_AUTO_DISABLE_ENABLED=$(getFirebaseJsonKeyValue \"$_JSON_OUTPUT_RAW\" \"crashlytics_disable_auto_disabler\")\n  if [[ $_CRASHLYTICS_AUTO_DISABLE_ENABLED == \"true\" ]]; then\n    echo \"Disabled Crashlytics auto disabler.\" # do nothing\n  else\n    _PLIST_ENTRY_KEYS+=(\"FirebaseCrashlyticsCollectionEnabled\")\n    _PLIST_ENTRY_TYPES+=(\"bool\")\n    _PLIST_ENTRY_VALUES+=(\"NO\")\n  fi\nelse\n  _PLIST_ENTRY_KEYS+=(\"firebase_json_raw\")\n  _PLIST_ENTRY_TYPES+=(\"string\")\n  _PLIST_ENTRY_VALUES+=(\"$_JSON_OUTPUT_BASE64\")\n  echo \"warning:   A firebase.json file was not found, whilst this file is optional it is recommended to include it to configure firebase services in React Native Firebase.\"\nfi;\n\necho \"note: 2) Injecting Info.plist entries: \"\n\n# Log out the keys we're adding\nfor i in \"${!_PLIST_ENTRY_KEYS[@]}\"; do\n  echo \"    ->  $i) ${_PLIST_ENTRY_KEYS[$i]}\" \"${_PLIST_ENTRY_TYPES[$i]}\" \"${_PLIST_ENTRY_VALUES[$i]}\"\ndone\n\nfor plist in \"${_TARGET_PLIST}\" \"${_DSYM_PLIST}\" ; do\n  if [[ -f \"${plist}\" ]]; then\n\n    # paths with spaces break the call to setPlistValue. temporarily modify\n    # the shell internal field separator variable (IFS), which normally\n    # includes spaces, to consist only of line breaks\n    oldifs=$IFS\n    IFS=\"\n\"\n\n    for i in \"${!_PLIST_ENTRY_KEYS[@]}\"; do\n      setPlistValue \"${_PLIST_ENTRY_KEYS[$i]}\" \"${_PLIST_ENTRY_TYPES[$i]}\" \"${_PLIST_ENTRY_VALUES[$i]}\" \"${plist}\"\n    done\n\n    # restore the original internal field separator value\n    IFS=$oldifs\n  else\n    echo \"warning:   A Info.plist build output file was not found (${plist})\"\n  fi\ndone\n\necho \"note: <- RNFB build script finished\"\n";
		};
		B3CD3C4122BCE1DCABB925BD /* [CP] Embed Pods Frameworks */ = {
			isa = PBXShellScriptBuildPhase;
			buildActionMask = 2147483647;
			files = (
			);
			inputFileListPaths = (
				"${PODS_ROOT}/Target Support Files/Pods-bisetka/Pods-bisetka-frameworks-${CONFIGURATION}-input-files.xcfilelist",
			);
			name = "[CP] Embed Pods Frameworks";
			outputFileListPaths = (
				"${PODS_ROOT}/Target Support Files/Pods-bisetka/Pods-bisetka-frameworks-${CONFIGURATION}-output-files.xcfilelist",
			);
			runOnlyForDeploymentPostprocessing = 0;
			shellPath = /bin/sh;
			shellScript = "\"${PODS_ROOT}/Target Support Files/Pods-bisetka/Pods-bisetka-frameworks.sh\"\n";
			showEnvVarsInLog = 0;
		};
		D9AD1BA198137B6F691896EF /* [CP] Check Pods Manifest.lock */ = {
			isa = PBXShellScriptBuildPhase;
			buildActionMask = 2147483647;
			files = (
			);
			inputFileListPaths = (
			);
			inputPaths = (
				"${PODS_PODFILE_DIR_PATH}/Podfile.lock",
				"${PODS_ROOT}/Manifest.lock",
			);
			name = "[CP] Check Pods Manifest.lock";
			outputFileListPaths = (
			);
			outputPaths = (
				"$(DERIVED_FILE_DIR)/Pods-bisetka-staging-checkManifestLockResult.txt",
			);
			runOnlyForDeploymentPostprocessing = 0;
			shellPath = /bin/sh;
			shellScript = "diff \"${PODS_PODFILE_DIR_PATH}/Podfile.lock\" \"${PODS_ROOT}/Manifest.lock\" > /dev/null\nif [ $? != 0 ] ; then\n    # print error to STDERR\n    echo \"error: The sandbox is not in sync with the Podfile.lock. Run 'pod install' or update your CocoaPods installation.\" >&2\n    exit 1\nfi\n# This output is used by Xcode 'outputs' to avoid re-running this script phase.\necho \"SUCCESS\" > \"${SCRIPT_OUTPUT_FILE_0}\"\n";
			showEnvVarsInLog = 0;
		};
		DE1D24252F34272D0022EF51 /* Bundle React Native code and images */ = {
			isa = PBXShellScriptBuildPhase;
			buildActionMask = 2147483647;
			files = (
			);
			inputPaths = (
				"$(SRCROOT)/.xcode.env.local",
				"$(SRCROOT)/.xcode.env",
			);
			name = "Bundle React Native code and images";
			outputPaths = (
			);
			runOnlyForDeploymentPostprocessing = 0;
			shellPath = /bin/sh;
			shellScript = "set -e\n\nWITH_ENVIRONMENT=\"$REACT_NATIVE_PATH/scripts/xcode/with-environment.sh\"\nREACT_NATIVE_XCODE=\"$REACT_NATIVE_PATH/scripts/react-native-xcode.sh\"\n\n/bin/sh -c \"\\\"$WITH_ENVIRONMENT\\\" \\\"$REACT_NATIVE_XCODE\\\"\"\n";
		};
		DE7D34022F4AAFF700AEFA99 /* Copy GoogleServices Resources */ = {
			isa = PBXShellScriptBuildPhase;
			buildActionMask = 2147483647;
			files = (
			);
			inputFileListPaths = (
			);
			inputPaths = (
			);
			name = "Copy GoogleServices Resources";
			outputFileListPaths = (
			);
			outputPaths = (
			);
			runOnlyForDeploymentPostprocessing = 0;
			shellPath = /bin/sh;
			shellScript = "if [ \"${CONFIGURATION}\" = \"Release\" ]; then\n  cp \"${PROJECT_DIR}/GoogleService-Info.plist\" \"${BUILT_PRODUCTS_DIR}/${PRODUCT_NAME}.app/GoogleService-Info.plist\"\nelse\n  cp \"${PROJECT_DIR}/GoogleService-Info-Staging.plist\" \"${BUILT_PRODUCTS_DIR}/${PRODUCT_NAME}.app/GoogleService-Info.plist\"\nfi\n";
		};
		F1CA17A841E365D6462FF412 /* [CP] Copy Pods Resources */ = {
			isa = PBXShellScriptBuildPhase;
			buildActionMask = 2147483647;
			files = (
			);
			inputFileListPaths = (
				"${PODS_ROOT}/Target Support Files/Pods-bisetka/Pods-bisetka-resources-${CONFIGURATION}-input-files.xcfilelist",
			);
			name = "[CP] Copy Pods Resources";
			outputFileListPaths = (
				"${PODS_ROOT}/Target Support Files/Pods-bisetka/Pods-bisetka-resources-${CONFIGURATION}-output-files.xcfilelist",
			);
			runOnlyForDeploymentPostprocessing = 0;
			shellPath = /bin/sh;
			shellScript = "\"${PODS_ROOT}/Target Support Files/Pods-bisetka/Pods-bisetka-resources.sh\"\n";
			showEnvVarsInLog = 0;
		};
		FD61A3FF62CC548EF84143ED /* [CP] Embed Pods Frameworks */ = {
			isa = PBXShellScriptBuildPhase;
			buildActionMask = 2147483647;
			files = (
			);
			inputFileListPaths = (
				"${PODS_ROOT}/Target Support Files/Pods-bisetka-staging/Pods-bisetka-staging-frameworks-${CONFIGURATION}-input-files.xcfilelist",
			);
			name = "[CP] Embed Pods Frameworks";
			outputFileListPaths = (
				"${PODS_ROOT}/Target Support Files/Pods-bisetka-staging/Pods-bisetka-staging-frameworks-${CONFIGURATION}-output-files.xcfilelist",
			);
			runOnlyForDeploymentPostprocessing = 0;
			shellPath = /bin/sh;
			shellScript = "\"${PODS_ROOT}/Target Support Files/Pods-bisetka-staging/Pods-bisetka-staging-frameworks.sh\"\n";
			showEnvVarsInLog = 0;
		};
/* End PBXShellScriptBuildPhase section */

/* Begin PBXSourcesBuildPhase section */
		13B07F871A680F5B00A75B9A /* Sources */ = {
			isa = PBXSourcesBuildPhase;
			buildActionMask = 2147483647;
			files = (
				761780ED2CA45674006654EE /* AppDelegate.swift in Sources */,
			);
			runOnlyForDeploymentPostprocessing = 0;
		};
		DE1D241D2F34272D0022EF51 /* Sources */ = {
			isa = PBXSourcesBuildPhase;
			buildActionMask = 2147483647;
			files = (
				DE1D241E2F34272D0022EF51 /* AppDelegate.swift in Sources */,
			);
			runOnlyForDeploymentPostprocessing = 0;
		};
/* End PBXSourcesBuildPhase section */

/* Begin XCBuildConfiguration section */
		13B07F941A680F5B00A75B9A /* Debug */ = {
			isa = XCBuildConfiguration;
			baseConfigurationReference = C1B258C0AD020014329DA767 /* Pods-bisetka.debug.xcconfig */;
			buildSettings = {
				ASSETCATALOG_COMPILER_APPICON_NAME = AppIcon;
				CLANG_ENABLE_MODULES = YES;
				CODE_SIGN_ENTITLEMENTS = bisetka/bisetka.entitlements;
				CODE_SIGN_IDENTITY = "Apple Development";
				CODE_SIGN_STYLE = Automatic;
				CURRENT_PROJECT_VERSION = 1;
				DEVELOPMENT_TEAM = CM52HNMXXW;
				ENABLE_BITCODE = NO;
				ENVFILE = ../.env.production;
				INFOPLIST_FILE = bisetka/Info.plist;
				INFOPLIST_KEY_CFBundleDisplayName = bisetka;
				INFOPLIST_KEY_LSApplicationCategoryType = "public.app-category.social-networking";
				INFOPLIST_KEY_UIRequiresFullScreen = YES;
				IPHONEOS_DEPLOYMENT_TARGET = 15.1;
				LD_RUNPATH_SEARCH_PATHS = (
					"$(inherited)",
					"@executable_path/Frameworks",
				);
				MARKETING_VERSION = 2.9.0;
				OTHER_LDFLAGS = (
					"$(inherited)",
					"-ObjC",
					"-lc++",
				);
				PRODUCT_BUNDLE_IDENTIFIER = org.sera.dev.bisetka;
				PRODUCT_NAME = bisetka;
				PROVISIONING_PROFILE_SPECIFIER = "";
				SUPPORTED_PLATFORMS = "iphoneos iphonesimulator";
				SUPPORTS_MACCATALYST = NO;
				SWIFT_ENABLE_EXPLICIT_MODULES = NO;
				SWIFT_OPTIMIZATION_LEVEL = "-Onone";
				SWIFT_VERSION = 5.0;
				TARGETED_DEVICE_FAMILY = "1,2";
				VERSIONING_SYSTEM = "apple-generic";
			};
			name = Debug;
		};
		13B07F951A680F5B00A75B9A /* Release */ = {
			isa = XCBuildConfiguration;
			baseConfigurationReference = 87E270760EBC7231121D9E01 /* Pods-bisetka.release.xcconfig */;
			buildSettings = {
				ASSETCATALOG_COMPILER_APPICON_NAME = AppIcon;
				CLANG_ENABLE_MODULES = YES;
				CODE_SIGN_ENTITLEMENTS = bisetka/bisetka.entitlements;
				CODE_SIGN_IDENTITY = "Apple Development";
				CODE_SIGN_STYLE = Automatic;
				CURRENT_PROJECT_VERSION = 1;
				DEVELOPMENT_TEAM = CM52HNMXXW;
				ENVFILE = ../.env.production;
				INFOPLIST_FILE = bisetka/Info.plist;
				INFOPLIST_KEY_CFBundleDisplayName = bisetka;
				INFOPLIST_KEY_LSApplicationCategoryType = "public.app-category.social-networking";
				INFOPLIST_KEY_UIRequiresFullScreen = YES;
				IPHONEOS_DEPLOYMENT_TARGET = 15.1;
				LD_RUNPATH_SEARCH_PATHS = (
					"$(inherited)",
					"@executable_path/Frameworks",
				);
				MARKETING_VERSION = 2.9.0;
				OTHER_LDFLAGS = (
					"$(inherited)",
					"-ObjC",
					"-lc++",
				);
				PRODUCT_BUNDLE_IDENTIFIER = org.sera.dev.bisetka;
				PRODUCT_NAME = bisetka;
				PROVISIONING_PROFILE_SPECIFIER = "";
				SUPPORTED_PLATFORMS = "iphoneos iphonesimulator";
				SUPPORTS_MACCATALYST = NO;
				SWIFT_ENABLE_EXPLICIT_MODULES = NO;
				SWIFT_VERSION = 5.0;
				TARGETED_DEVICE_FAMILY = "1,2";
				VERSIONING_SYSTEM = "apple-generic";
			};
			name = Release;
		};
		83CBBA201A601CBA00E9B192 /* Debug */ = {
			isa = XCBuildConfiguration;
			buildSettings = {
				ALWAYS_SEARCH_USER_PATHS = NO;
				CLANG_ANALYZER_LOCALIZABILITY_NONLOCALIZED = YES;
				CLANG_CXX_LANGUAGE_STANDARD = "c++20";
				CLANG_CXX_LIBRARY = "libc++";
				CLANG_ENABLE_MODULES = YES;
				CLANG_ENABLE_OBJC_ARC = YES;
				CLANG_WARN_BLOCK_CAPTURE_AUTORELEASING = YES;
				CLANG_WARN_BOOL_CONVERSION = YES;
				CLANG_WARN_COMMA = YES;
				CLANG_WARN_CONSTANT_CONVERSION = YES;
				CLANG_WARN_DEPRECATED_OBJC_IMPLEMENTATIONS = YES;
				CLANG_WARN_DIRECT_OBJC_ISA_USAGE = YES_ERROR;
				CLANG_WARN_EMPTY_BODY = YES;
				CLANG_WARN_ENUM_CONVERSION = YES;
				CLANG_WARN_INFINITE_RECURSION = YES;
				CLANG_WARN_INT_CONVERSION = YES;
				CLANG_WARN_NON_LITERAL_NULL_CONVERSION = YES;
				CLANG_WARN_OBJC_IMPLICIT_RETAIN_SELF = YES;
				CLANG_WARN_OBJC_LITERAL_CONVERSION = YES;
				CLANG_WARN_OBJC_ROOT_CLASS = YES_ERROR;
				CLANG_WARN_QUOTED_INCLUDE_IN_FRAMEWORK_HEADER = YES;
				CLANG_WARN_RANGE_LOOP_ANALYSIS = YES;
				CLANG_WARN_STRICT_PROTOTYPES = YES;
				CLANG_WARN_SUSPICIOUS_MOVE = YES;
				CLANG_WARN_UNREACHABLE_CODE = YES;
				CLANG_WARN__DUPLICATE_METHOD_MATCH = YES;
				"CODE_SIGN_IDENTITY[sdk=iphoneos*]" = "iPhone Developer";
				COPY_PHASE_STRIP = NO;
				ENABLE_STRICT_OBJC_MSGSEND = YES;
				ENABLE_TESTABILITY = YES;
				"EXCLUDED_ARCHS[sdk=iphonesimulator*]" = "";
				GCC_C_LANGUAGE_STANDARD = gnu99;
				GCC_DYNAMIC_NO_PIC = NO;
				GCC_NO_COMMON_BLOCKS = YES;
				GCC_OPTIMIZATION_LEVEL = 0;
				GCC_PREPROCESSOR_DEFINITIONS = (
					"DEBUG=1",
					"$(inherited)",
				);
				GCC_SYMBOLS_PRIVATE_EXTERN = NO;
				GCC_WARN_64_TO_32_BIT_CONVERSION = YES;
				GCC_WARN_ABOUT_RETURN_TYPE = YES_ERROR;
				GCC_WARN_UNDECLARED_SELECTOR = YES;
				GCC_WARN_UNINITIALIZED_AUTOS = YES_AGGRESSIVE;
				GCC_WARN_UNUSED_FUNCTION = YES;
				GCC_WARN_UNUSED_VARIABLE = YES;
				IPHONEOS_DEPLOYMENT_TARGET = 15.1;
				LD_RUNPATH_SEARCH_PATHS = (
					/usr/lib/swift,
					"$(inherited)",
				);
				LIBRARY_SEARCH_PATHS = (
					"\"$(SDKROOT)/usr/lib/swift\"",
					"\"$(TOOLCHAIN_DIR)/usr/lib/swift/$(PLATFORM_NAME)\"",
					"\"$(inherited)\"",
				);
				MTL_ENABLE_DEBUG_INFO = YES;
				ONLY_ACTIVE_ARCH = YES;
				OTHER_CFLAGS = "$(inherited)";
				OTHER_CPLUSPLUSFLAGS = (
					"$(OTHER_CFLAGS)",
					"-DFOLLY_NO_CONFIG",
					"-DFOLLY_MOBILE=1",
					"-DFOLLY_USE_LIBCPP=1",
					"-DFOLLY_CFG_NO_COROUTINES=1",
					"-DFOLLY_HAVE_CLOCK_GETTIME=1",
				);
				REACT_NATIVE_PATH = "${PODS_ROOT}/../../node_modules/react-native";
				SDKROOT = iphoneos;
				SWIFT_ACTIVE_COMPILATION_CONDITIONS = "$(inherited) DEBUG";
				TARGETED_DEVICE_FAMILY = "1,2";
				USE_HERMES = true;
			};
			name = Debug;
		};
		83CBBA211A601CBA00E9B192 /* Release */ = {
			isa = XCBuildConfiguration;
			buildSettings = {
				ALWAYS_SEARCH_USER_PATHS = NO;
				CLANG_ANALYZER_LOCALIZABILITY_NONLOCALIZED = YES;
				CLANG_CXX_LANGUAGE_STANDARD = "c++20";
				CLANG_CXX_LIBRARY = "libc++";
				CLANG_ENABLE_MODULES = YES;
				CLANG_ENABLE_OBJC_ARC = YES;
				CLANG_WARN_BLOCK_CAPTURE_AUTORELEASING = YES;
				CLANG_WARN_BOOL_CONVERSION = YES;
				CLANG_WARN_COMMA = YES;
				CLANG_WARN_CONSTANT_CONVERSION = YES;
				CLANG_WARN_DEPRECATED_OBJC_IMPLEMENTATIONS = YES;
				CLANG_WARN_DIRECT_OBJC_ISA_USAGE = YES_ERROR;
				CLANG_WARN_EMPTY_BODY = YES;
				CLANG_WARN_ENUM_CONVERSION = YES;
				CLANG_WARN_INFINITE_RECURSION = YES;
				CLANG_WARN_INT_CONVERSION = YES;
				CLANG_WARN_NON_LITERAL_NULL_CONVERSION = YES;
				CLANG_WARN_OBJC_IMPLICIT_RETAIN_SELF = YES;
				CLANG_WARN_OBJC_LITERAL_CONVERSION = YES;
				CLANG_WARN_OBJC_ROOT_CLASS = YES_ERROR;
				CLANG_WARN_QUOTED_INCLUDE_IN_FRAMEWORK_HEADER = YES;
				CLANG_WARN_RANGE_LOOP_ANALYSIS = YES;
				CLANG_WARN_STRICT_PROTOTYPES = YES;
				CLANG_WARN_SUSPICIOUS_MOVE = YES;
				CLANG_WARN_UNREACHABLE_CODE = YES;
				CLANG_WARN__DUPLICATE_METHOD_MATCH = YES;
				"CODE_SIGN_IDENTITY[sdk=iphoneos*]" = "iPhone Developer";
				COPY_PHASE_STRIP = YES;
				ENABLE_NS_ASSERTIONS = NO;
				ENABLE_STRICT_OBJC_MSGSEND = YES;
				"EXCLUDED_ARCHS[sdk=iphonesimulator*]" = "";
				GCC_C_LANGUAGE_STANDARD = gnu99;
				GCC_NO_COMMON_BLOCKS = YES;
				GCC_WARN_64_TO_32_BIT_CONVERSION = YES;
				GCC_WARN_ABOUT_RETURN_TYPE = YES_ERROR;
				GCC_WARN_UNDECLARED_SELECTOR = YES;
				GCC_WARN_UNINITIALIZED_AUTOS = YES_AGGRESSIVE;
				GCC_WARN_UNUSED_FUNCTION = YES;
				GCC_WARN_UNUSED_VARIABLE = YES;
				IPHONEOS_DEPLOYMENT_TARGET = 15.1;
				LD_RUNPATH_SEARCH_PATHS = (
					/usr/lib/swift,
					"$(inherited)",
				);
				LIBRARY_SEARCH_PATHS = (
					"\"$(SDKROOT)/usr/lib/swift\"",
					"\"$(TOOLCHAIN_DIR)/usr/lib/swift/$(PLATFORM_NAME)\"",
					"\"$(inherited)\"",
				);
				MTL_ENABLE_DEBUG_INFO = NO;
				OTHER_CFLAGS = "$(inherited)";
				OTHER_CPLUSPLUSFLAGS = (
					"$(OTHER_CFLAGS)",
					"-DFOLLY_NO_CONFIG",
					"-DFOLLY_MOBILE=1",
					"-DFOLLY_USE_LIBCPP=1",
					"-DFOLLY_CFG_NO_COROUTINES=1",
					"-DFOLLY_HAVE_CLOCK_GETTIME=1",
				);
				REACT_NATIVE_PATH = "${PODS_ROOT}/../../node_modules/react-native";
				SDKROOT = iphoneos;
				TARGETED_DEVICE_FAMILY = "1,2";
				USE_HERMES = true;
				VALIDATE_PRODUCT = YES;
			};
			name = Release;
		};
		DE1D24292F34272D0022EF51 /* Debug */ = {
			isa = XCBuildConfiguration;
			baseConfigurationReference = D61CCB2BDA71D2BF826B688D /* Pods-bisetka-staging.debug.xcconfig */;
			buildSettings = {
				ASSETCATALOG_COMPILER_APPICON_NAME = AppIcon;
				CLANG_ENABLE_MODULES = YES;
				CODE_SIGN_ENTITLEMENTS = bisetka/bisetka.entitlements;
				CODE_SIGN_IDENTITY = "Apple Development";
				"CODE_SIGN_IDENTITY[sdk=iphoneos*]" = "iPhone Developer";
				CODE_SIGN_STYLE = Manual;
				CURRENT_PROJECT_VERSION = 55;
				DEVELOPMENT_TEAM = "";
				"DEVELOPMENT_TEAM[sdk=iphoneos*]" = CM52HNMXXW;
				ENABLE_BITCODE = NO;
				ENVFILE = ../.env.staging;
				INFOPLIST_FILE = "bisetka-staging.plist";
				INFOPLIST_KEY_CFBundleDisplayName = "bisetka-staging";
				INFOPLIST_KEY_LSApplicationCategoryType = "public.app-category.social-networking";
				INFOPLIST_KEY_UIRequiresFullScreen = YES;
				IPHONEOS_DEPLOYMENT_TARGET = 15.1;
				LD_RUNPATH_SEARCH_PATHS = (
					"$(inherited)",
					"@executable_path/Frameworks",
				);
				MARKETING_VERSION = 1.0;
				OTHER_LDFLAGS = (
					"$(inherited)",
					"-ObjC",
					"-lc++",
				);
				PRODUCT_BUNDLE_IDENTIFIER = org.sera.dev.bisetka.staging;
				PRODUCT_NAME = "$(TARGET_NAME)";
				PROVISIONING_PROFILE_SPECIFIER = "";
				"PROVISIONING_PROFILE_SPECIFIER[sdk=iphoneos*]" = "Bisetka Prov Profile Staging";
				SWIFT_ENABLE_EXPLICIT_MODULES = NO;
				SWIFT_OPTIMIZATION_LEVEL = "-Onone";
				SWIFT_VERSION = 5.0;
				TARGETED_DEVICE_FAMILY = "1,2";
				VERSIONING_SYSTEM = "apple-generic";
			};
			name = Debug;
		};
		DE1D242A2F34272D0022EF51 /* Release */ = {
			isa = XCBuildConfiguration;
			baseConfigurationReference = 469043B4C4816B02F2EAFED4 /* Pods-bisetka-staging.release.xcconfig */;
			buildSettings = {
				ASSETCATALOG_COMPILER_APPICON_NAME = AppIcon;
				CLANG_ENABLE_MODULES = YES;
				CODE_SIGN_ENTITLEMENTS = bisetka/bisetka.entitlements;
				CODE_SIGN_IDENTITY = "Apple Development";
				"CODE_SIGN_IDENTITY[sdk=iphoneos*]" = "iPhone Distribution";
				CODE_SIGN_STYLE = Manual;
				CURRENT_PROJECT_VERSION = 55;
				DEVELOPMENT_TEAM = "";
				"DEVELOPMENT_TEAM[sdk=iphoneos*]" = CM52HNMXXW;
				ENVFILE = ../.env.staging;
				INFOPLIST_FILE = "bisetka-staging.plist";
				INFOPLIST_KEY_CFBundleDisplayName = "bisetka-staging";
				INFOPLIST_KEY_LSApplicationCategoryType = "public.app-category.social-networking";
				INFOPLIST_KEY_UIRequiresFullScreen = YES;
				IPHONEOS_DEPLOYMENT_TARGET = 15.1;
				LD_RUNPATH_SEARCH_PATHS = (
					"$(inherited)",
					"@executable_path/Frameworks",
				);
				MARKETING_VERSION = 1.0;
				OTHER_LDFLAGS = (
					"$(inherited)",
					"-ObjC",
					"-lc++",
				);
				PRODUCT_BUNDLE_IDENTIFIER = org.sera.dev.bisetka.staging;
				PRODUCT_NAME = "$(TARGET_NAME)";
				PROVISIONING_PROFILE_SPECIFIER = "";
				"PROVISIONING_PROFILE_SPECIFIER[sdk=iphoneos*]" = "match AppStore org.sera.dev.bisetka.staging";
				SWIFT_ENABLE_EXPLICIT_MODULES = NO;
				SWIFT_VERSION = 5.0;
				TARGETED_DEVICE_FAMILY = "1,2";
				VERSIONING_SYSTEM = "apple-generic";
			};
			name = Release;
		};
/* End XCBuildConfiguration section */

/* Begin XCConfigurationList section */
		13B07F931A680F5B00A75B9A /* Build configuration list for PBXNativeTarget "bisetka" */ = {
			isa = XCConfigurationList;
			buildConfigurations = (
				13B07F941A680F5B00A75B9A /* Debug */,
				13B07F951A680F5B00A75B9A /* Release */,
			);
			defaultConfigurationIsVisible = 0;
			defaultConfigurationName = Release;
		};
		83CBB9FA1A601CBA00E9B192 /* Build configuration list for PBXProject "bisetka" */ = {
			isa = XCConfigurationList;
			buildConfigurations = (
				83CBBA201A601CBA00E9B192 /* Debug */,
				83CBBA211A601CBA00E9B192 /* Release */,
			);
			defaultConfigurationIsVisible = 0;
			defaultConfigurationName = Release;
		};
		DE1D24282F34272D0022EF51 /* Build configuration list for PBXNativeTarget "bisetka-staging" */ = {
			isa = XCConfigurationList;
			buildConfigurations = (
				DE1D24292F34272D0022EF51 /* Debug */,
				DE1D242A2F34272D0022EF51 /* Release */,
			);
			defaultConfigurationIsVisible = 0;
			defaultConfigurationName = Release;
		};
/* End XCConfigurationList section */
	};
	rootObject = 83CBB9F71A601CBA00E9B192 /* Project object */;
}
